// !$*UTF8*$!
{
	archiveVersion = 1;
	classes = {
	};
	objectVersion = 46;
	objects = {

/* Begin PBXBuildFile section */
		85CA61971BABEA080077C055 /* main.m in Sources */ = {isa = PBXBuildFile; fileRef = 85CA61961BABEA080077C055 /* main.m */; };
		85CA619F1BABEA1D0077C055 /* TRInteger.m in Sources */ = {isa = PBXBuildFile; fileRef = 85CA619E1BABEA1D0077C055 /* TRInteger.m */; };
/* End PBXBuildFile section */

/* Begin PBXCopyFilesBuildPhase section */
		85CA61911BABEA080077C055 /* CopyFiles */ = {
			isa = PBXCopyFilesBuildPhase;
			buildActionMask = 2147483647;
			dstPath = /usr/share/man/man1/;
			dstSubfolderSpec = 0;
			files = (
			);
			runOnlyForDeploymentPostprocessing = 1;
		};
/* End PBXCopyFilesBuildPhase section */

/* Begin PBXFileReference section */
		85CA61931BABEA080077C055 /* day02_9有参初始化⽅法 */ = {isa = PBXFileReference; explicitFileType = "compiled.mach-o.executable"; includeInIndex = 0; path = "day02_9有参初始化⽅法"; sourceTree = BUILT_PRODUCTS_DIR; };
		85CA61961BABEA080077C055 /* main.m */ = {isa = PBXFileReference; lastKnownFileType = sourcecode.c.objc; path = main.m; sourceTree = "<group>"; };
		85CA619D1BABEA1D0077C055 /* TRInteger.h */ = {isa = PBXFileReference; fileEncoding = 4; lastKnownFileType = sourcecode.c.h; path = TRInteger.h; sourceTree = "<group>"; };
		85CA619E1BABEA1D0077C055 /* TRInteger.m */ = {isa = PBXFileReference; fileEncoding = 4; lastKnownFileType = sourcecode.c.objc; path = TRInteger.m; sourceTree = "<group>"; };
/* End PBXFileReference section */

/* Begin PBXFrameworksBuildPhase section */
		85CA61901BABEA080077C055 /* Frameworks */ = {
			isa = PBXFrameworksBuildPhase;
			buildActionMask = 2147483647;
			files = (
			);
			runOnlyForDeploymentPostprocessing = 0;
		};
/* End PBXFrameworksBuildPhase section */

/* Begin PBXGroup section */
		85CA618A1BABEA080077C055 = {
			isa = PBXGroup;
			children = (
				85CA61951BABEA080077C055 /* day02_9有参初始化⽅法 */,
				85CA61941BABEA080077C055 /* Products */,
			);
			sourceTree = "<group>";
		};
		85CA61941BABEA080077C055 /* Products */ = {
			isa = PBXGroup;
			children = (
				85CA61931BABEA080077C055 /* day02_9有参初始化⽅法 */,
			);
			name = Products;
			sourceTree = "<group>";
		};
		85CA61951BABEA080077C055 /* day02_9有参初始化⽅法 */ = {
			isa = PBXGroup;
			children = (
				85CA61961BABEA080077C055 /* main.m */,
				85CA619D1BABEA1D0077C055 /* TRInteger.h */,
				85CA619E1BABEA1D0077C055 /* TRInteger.m */,
			);
			path = "day02_9有参初始化⽅法";
			sourceTree = "<group>";
		};
/* End PBXGroup section */

/* Begin PBXNativeTarget section */
		85CA61921BABEA080077C055 /* day02_9有参初始化⽅法 */ = {
			isa = PBXNativeTarget;
			buildConfigurationList = 85CA619A1BABEA080077C055 /* Build configuration list for PBXNativeTarget "day02_9有参初始化⽅法" */;
			buildPhases = (
				85CA618F1BABEA080077C055 /* Sources */,
				85CA61901BABEA080077C055 /* Frameworks */,
				85CA61911BABEA080077C055 /* CopyFiles */,
			);
			buildRules = (
			);
			dependencies = (
			);
			name = "day02_9有参初始化⽅法";
			productName = "day02_9有参初始化⽅法";
			productReference = 85CA61931BABEA080077C055 /* day02_9有参初始化⽅法 */;
			productType = "com.apple.product-type.tool";
		};
/* End PBXNativeTarget section */

/* Begin PBXProject section */
		85CA618B1BABEA080077C055 /* Project object */ = {
			isa = PBXProject;
			attributes = {
				LastUpgradeCheck = 0640;
				ORGANIZATIONNAME = tarena;
				TargetAttributes = {
					85CA61921BABEA080077C055 = {
						CreatedOnToolsVersion = 6.4;
					};
				};
			};
			buildConfigurationList = 85CA618E1BABEA080077C055 /* Build configuration list for PBXProject "day02_9有参初始化⽅法" */;
			compatibilityVersion = "Xcode 3.2";
			developmentRegion = English;
			hasScannedForEncodings = 0;
			knownRegions = (
				en,
			);
			mainGroup = 85CA618A1BABEA080077C055;
			productRefGroup = 85CA61941BABEA080077C055 /* Products */;
			projectDirPath = "";
			projectRoot = "";
			targets = (
				85CA61921BABEA080077C055 /* day02_9有参初始化⽅法 */,
			);
		};
/* End PBXProject section */

/* Begin PBXSourcesBuildPhase section */
		85CA618F1BABEA080077C055 /* Sources */ = {
			isa = PBXSourcesBuildPhase;
			buildActionMask = 2147483647;
			files = (
				85CA619F1BABEA1D0077C055 /* TRInteger.m in Sources */,
				85CA61971BABEA080077C055 /* main.m in Sources */,
			);
			runOnlyForDeploymentPostprocessing = 0;
		};
/* End PBXSourcesBuildPhase section */

/* Begin XCBuildConfiguration section */
		85CA61981BABEA080077C055 /* Debug */ = {
			isa = XCBuildConfiguration;
			buildSettings = {
				ALWAYS_SEARCH_USER_PATHS = NO;
				CLANG_CXX_LANGUAGE_STANDARD = "gnu++0x";
				CLANG_CXX_LIBRARY = "libc++";
				CLANG_ENABLE_MODULES = YES;
				CLANG_ENABLE_OBJC_ARC = YES;
				CLANG_WARN_BOOL_CONVERSION = YES;
				CLANG_WARN_CONSTANT_CONVERSION = YES;
				CLANG_WARN_DIRECT_OBJC_ISA_USAGE = YES_ERROR;
				CLANG_WARN_EMPTY_BODY = YES;
				CLANG_WARN_ENUM_CONVERSION = YES;
				CLANG_WARN_INT_CONVERSION = YES;
				CLANG_WARN_OBJC_ROOT_CLASS = YES_ERROR;
				CLANG_WARN_UNREACHABLE_CODE = YES;
				CLANG_WARN__DUPLICATE_METHOD_MATCH = YES;
				COPY_PHASE_STRIP = NO;
				DEBUG_INFORMATION_FORMAT = dwarf;
				ENABLE_STRICT_OBJC_MSGSEND = YES;
				GCC_C_LANGUAGE_STANDARD = gnu99;
				GCC_DYNAMIC_NO_PIC = NO;
				GCC_NO_COMMON_BLOCKS = YES;
				GCC_OPTIMIZATION_LEVEL = 0;
				GCC_PREPROCESSOR_DEFINITIONS = (
					"DEBUG=1",
					"$(inherited)",
				);
				GCC_SYMBOLS_PRIVATE_EXTERN = NO;
				GCC_WARN_64_TO_32_BIT_CONVERSION = YES;
				GCC_WARN_ABOUT_RETURN_TYPE = YES_ERROR;
				GCC_WARN_UNDECLARED_SELECTOR = YES;
				GCC_WARN_UNINITIALIZED_AUTOS = YES_AGGRESSIVE;
				GCC_WARN_UNUSED_FUNCTION = YES;
				GCC_WARN_UNUSED_VARIABLE = YES;
				MACOSX_DEPLOYMENT_TARGET = 10.10;
				MTL_ENABLE_DEBUG_INFO = YES;
				ONLY_ACTIVE_ARCH = YES;
				SDKROOT = macosx;
			};
			name = Debug;
		};
		85CA61991BABEA080077C055 /* Release */ = {
			isa = XCBuildConfiguration;
			buildSettings = {
				ALWAYS_SEARCH_USER_PATHS = NO;
				CLANG_CXX_LANGUAGE_STANDARD = "gnu++0x";
				CLANG_CXX_LIBRARY = "libc++";
				CLANG_ENABLE_MODULES = YES;
				CLANG_ENABLE_OBJC_ARC = YES;
				CLANG_WARN_BOOL_CONVERSION = YES;
				CLANG_WARN_CONSTANT_CONVERSION = YES;
				CLANG_WARN_DIRECT_OBJC_ISA_USAGE = YES_ERROR;
				CLANG_WARN_EMPTY_BODY = YES;
				CLANG_WARN_ENUM_CONVERSION = YES;
				CLANG_WARN_INT_CONVERSION = YES;
				CLANG_WARN_OBJC_ROOT_CLASS = YES_ERROR;
				CLANG_WARN_UNREACHABLE_CODE = YES;
				CLANG_WARN__DUPLICATE_METHOD_MATCH = YES;
				COPY_PHASE_STRIP = NO;
				DEBUG_INFORMATION_FORMAT = "dwarf-with-dsym";
				ENABLE_NS_ASSERTIONS = NO;
				ENABLE_STRICT_OBJC_MSGSEND = YES;
				GCC_C_LANGUAGE_STANDARD = gnu99;
				GCC_NO_COMMON_BLOCKS = YES;
				GCC_WARN_64_TO_32_BIT_CONVERSION = YES;
				GCC_WARN_ABOUT_RETURN_TYPE = YES_ERROR;
				GCC_WARN_UNDECLARED_SELECTOR = YES;
				GCC_WARN_UNINITIALIZED_AUTOS = YES_AGGRESSIVE;
				GCC_WARN_UNUSED_FUNCTION = YES;
				GCC_WARN_UNUSED_VARIABLE = YES;
				MACOSX_DEPLOYMENT_TARGET = 10.10;
				MTL_ENABLE_DEBUG_INFO = NO;
				SDKROOT = macosx;
			};
			name = Release;
		};
		85CA619B1BABEA080077C055 /* Debug */ = {
			isa = XCBuildConfiguration;
			buildSettings = {
				PRODUCT_NAME = "$(TARGET_NAME)";
			};
			name = Debug;
		};
		85CA619C1BABEA080077C055 /* Release */ = {
			isa = XCBuildConfiguration;
			buildSettings = {
				PRODUCT_NAME = "$(TARGET_NAME)";
			};
			name = Release;
		};
/* End XCBuildConfiguration section */

/* Begin XCConfigurationList section */
		85CA618E1BABEA080077C055 /* Build configuration list for PBXProject "day02_9有参初始化⽅法" */ = {
			isa = XCConfigurationList;
			buildConfigurations = (
				85CA61981BABEA080077C055 /* Debug */,
				85CA61991BABEA080077C055 /* Release */,
			);
			defaultConfigurationIsVisible = 0;
			defaultConfigurationName = Release;
		};
		85CA619A1BABEA080077C055 /* Build configuration list for PBXNativeTarget "day02_9有参初始化⽅法" */ = {
			isa = XCConfigurationList;
			buildConfigurations = (
				85CA619B1BABEA080077C055 /* Debug */,
				85CA619C1BABEA080077C055 /* Release */,
			);
			defaultConfigurationIsVisible = 0;
		};
/* End XCConfigurationList section */
	};
	rootObject = 85CA618B1BABEA080077C055 /* Project object */;
}
