// !$*UTF8*$!
{
	archiveVersion = 1;
	classes = {
	};
	objectVersion = 46;
	objects = {

/* Begin PBXBuildFile section */
		85543F7F1BB1283D006DCEF5 /* main.m in Sources */ = {isa = PBXBuildFile; fileRef = 85543F7E1BB1283D006DCEF5 /* main.m */; };
		85543F871BB12869006DCEF5 /* TRFraction.m in Sources */ = {isa = PBXBuildFile; fileRef = 85543F861BB12869006DCEF5 /* TRFraction.m */; };
		85543F8A1BB12995006DCEF5 /* TRFraction+Initializer.m in Sources */ = {isa = PBXBuildFile; fileRef = 85543F891BB12995006DCEF5 /* TRFraction+Initializer.m */; };
		85543F8D1BB12BBC006DCEF5 /* TRFraction+math.m in Sources */ = {isa = PBXBuildFile; fileRef = 85543F8C1BB12BBC006DCEF5 /* TRFraction+math.m */; };
/* End PBXBuildFile section */

/* Begin PBXCopyFilesBuildPhase section */
		85543F791BB1283D006DCEF5 /* CopyFiles */ = {
			isa = PBXCopyFilesBuildPhase;
			buildActionMask = 2147483647;
			dstPath = /usr/share/man/man1/;
			dstSubfolderSpec = 0;
			files = (
			);
			runOnlyForDeploymentPostprocessing = 1;
		};
/* End PBXCopyFilesBuildPhase section */

/* Begin PBXFileReference section */
		85543F7B1BB1283D006DCEF5 /* day05_4分类 */ = {isa = PBXFileReference; explicitFileType = "compiled.mach-o.executable"; includeInIndex = 0; path = "day05_4分类"; sourceTree = BUILT_PRODUCTS_DIR; };
		85543F7E1BB1283D006DCEF5 /* main.m */ = {isa = PBXFileReference; lastKnownFileType = sourcecode.c.objc; path = main.m; sourceTree = "<group>"; };
		85543F851BB12869006DCEF5 /* TRFraction.h */ = {isa = PBXFileReference; fileEncoding = 4; lastKnownFileType = sourcecode.c.h; path = TRFraction.h; sourceTree = "<group>"; };
		85543F861BB12869006DCEF5 /* TRFraction.m */ = {isa = PBXFileReference; fileEncoding = 4; lastKnownFileType = sourcecode.c.objc; path = TRFraction.m; sourceTree = "<group>"; };
		85543F881BB12995006DCEF5 /* TRFraction+Initializer.h */ = {isa = PBXFileReference; fileEncoding = 4; lastKnownFileType = sourcecode.c.h; path = "TRFraction+Initializer.h"; sourceTree = "<group>"; };
		85543F891BB12995006DCEF5 /* TRFraction+Initializer.m */ = {isa = PBXFileReference; fileEncoding = 4; lastKnownFileType = sourcecode.c.objc; path = "TRFraction+Initializer.m"; sourceTree = "<group>"; };
		85543F8B1BB12BBC006DCEF5 /* TRFraction+math.h */ = {isa = PBXFileReference; fileEncoding = 4; lastKnownFileType = sourcecode.c.h; path = "TRFraction+math.h"; sourceTree = "<group>"; };
		85543F8C1BB12BBC006DCEF5 /* TRFraction+math.m */ = {isa = PBXFileReference; fileEncoding = 4; lastKnownFileType = sourcecode.c.objc; path = "TRFraction+math.m"; sourceTree = "<group>"; };
/* End PBXFileReference section */

/* Begin PBXFrameworksBuildPhase section */
		85543F781BB1283D006DCEF5 /* Frameworks */ = {
			isa = PBXFrameworksBuildPhase;
			buildActionMask = 2147483647;
			files = (
			);
			runOnlyForDeploymentPostprocessing = 0;
		};
/* End PBXFrameworksBuildPhase section */

/* Begin PBXGroup section */
		85543F721BB1283D006DCEF5 = {
			isa = PBXGroup;
			children = (
				85543F7D1BB1283D006DCEF5 /* day05_4分类 */,
				85543F7C1BB1283D006DCEF5 /* Products */,
			);
			sourceTree = "<group>";
		};
		85543F7C1BB1283D006DCEF5 /* Products */ = {
			isa = PBXGroup;
			children = (
				85543F7B1BB1283D006DCEF5 /* day05_4分类 */,
			);
			name = Products;
			sourceTree = "<group>";
		};
		85543F7D1BB1283D006DCEF5 /* day05_4分类 */ = {
			isa = PBXGroup;
			children = (
				85543F7E1BB1283D006DCEF5 /* main.m */,
				85543F851BB12869006DCEF5 /* TRFraction.h */,
				85543F861BB12869006DCEF5 /* TRFraction.m */,
				85543F881BB12995006DCEF5 /* TRFraction+Initializer.h */,
				85543F891BB12995006DCEF5 /* TRFraction+Initializer.m */,
				85543F8B1BB12BBC006DCEF5 /* TRFraction+math.h */,
				85543F8C1BB12BBC006DCEF5 /* TRFraction+math.m */,
			);
			path = "day05_4分类";
			sourceTree = "<group>";
		};
/* End PBXGroup section */

/* Begin PBXNativeTarget section */
		85543F7A1BB1283D006DCEF5 /* day05_4分类 */ = {
			isa = PBXNativeTarget;
			buildConfigurationList = 85543F821BB1283D006DCEF5 /* Build configuration list for PBXNativeTarget "day05_4分类" */;
			buildPhases = (
				85543F771BB1283D006DCEF5 /* Sources */,
				85543F781BB1283D006DCEF5 /* Frameworks */,
				85543F791BB1283D006DCEF5 /* CopyFiles */,
			);
			buildRules = (
			);
			dependencies = (
			);
			name = "day05_4分类";
			productName = "day05_4分类";
			productReference = 85543F7B1BB1283D006DCEF5 /* day05_4分类 */;
			productType = "com.apple.product-type.tool";
		};
/* End PBXNativeTarget section */

/* Begin PBXProject section */
		85543F731BB1283D006DCEF5 /* Project object */ = {
			isa = PBXProject;
			attributes = {
				LastUpgradeCheck = 0640;
				ORGANIZATIONNAME = tarena;
				TargetAttributes = {
					85543F7A1BB1283D006DCEF5 = {
						CreatedOnToolsVersion = 6.4;
					};
				};
			};
			buildConfigurationList = 85543F761BB1283D006DCEF5 /* Build configuration list for PBXProject "day05_4分类" */;
			compatibilityVersion = "Xcode 3.2";
			developmentRegion = English;
			hasScannedForEncodings = 0;
			knownRegions = (
				en,
			);
			mainGroup = 85543F721BB1283D006DCEF5;
			productRefGroup = 85543F7C1BB1283D006DCEF5 /* Products */;
			projectDirPath = "";
			projectRoot = "";
			targets = (
				85543F7A1BB1283D006DCEF5 /* day05_4分类 */,
			);
		};
/* End PBXProject section */

/* Begin PBXSourcesBuildPhase section */
		85543F771BB1283D006DCEF5 /* Sources */ = {
			isa = PBXSourcesBuildPhase;
			buildActionMask = 2147483647;
			files = (
				85543F7F1BB1283D006DCEF5 /* main.m in Sources */,
				85543F8D1BB12BBC006DCEF5 /* TRFraction+math.m in Sources */,
				85543F8A1BB12995006DCEF5 /* TRFraction+Initializer.m in Sources */,
				85543F871BB12869006DCEF5 /* TRFraction.m in Sources */,
			);
			runOnlyForDeploymentPostprocessing = 0;
		};
/* End PBXSourcesBuildPhase section */

/* Begin XCBuildConfiguration section */
		85543F801BB1283D006DCEF5 /* Debug */ = {
			isa = XCBuildConfiguration;
			buildSettings = {
				ALWAYS_SEARCH_USER_PATHS = NO;
				CLANG_CXX_LANGUAGE_STANDARD = "gnu++0x";
				CLANG_CXX_LIBRARY = "libc++";
				CLANG_ENABLE_MODULES = YES;
				CLANG_ENABLE_OBJC_ARC = YES;
				CLANG_WARN_BOOL_CONVERSION = YES;
				CLANG_WARN_CONSTANT_CONVERSION = YES;
				CLANG_WARN_DIRECT_OBJC_ISA_USAGE = YES_ERROR;
				CLANG_WARN_EMPTY_BODY = YES;
				CLANG_WARN_ENUM_CONVERSION = YES;
				CLANG_WARN_INT_CONVERSION = YES;
				CLANG_WARN_OBJC_ROOT_CLASS = YES_ERROR;
				CLANG_WARN_UNREACHABLE_CODE = YES;
				CLANG_WARN__DUPLICATE_METHOD_MATCH = YES;
				COPY_PHASE_STRIP = NO;
				DEBUG_INFORMATION_FORMAT = dwarf;
				ENABLE_STRICT_OBJC_MSGSEND = YES;
				GCC_C_LANGUAGE_STANDARD = gnu99;
				GCC_DYNAMIC_NO_PIC = NO;
				GCC_NO_COMMON_BLOCKS = YES;
				GCC_OPTIMIZATION_LEVEL = 0;
				GCC_PREPROCESSOR_DEFINITIONS = (
					"DEBUG=1",
					"$(inherited)",
				);
				GCC_SYMBOLS_PRIVATE_EXTERN = NO;
				GCC_WARN_64_TO_32_BIT_CONVERSION = YES;
				GCC_WARN_ABOUT_RETURN_TYPE = YES_ERROR;
				GCC_WARN_UNDECLARED_SELECTOR = YES;
				GCC_WARN_UNINITIALIZED_AUTOS = YES_AGGRESSIVE;
				GCC_WARN_UNUSED_FUNCTION = YES;
				GCC_WARN_UNUSED_VARIABLE = YES;
				MACOSX_DEPLOYMENT_TARGET = 10.10;
				MTL_ENABLE_DEBUG_INFO = YES;
				ONLY_ACTIVE_ARCH = YES;
				SDKROOT = macosx;
			};
			name = Debug;
		};
		85543F811BB1283D006DCEF5 /* Release */ = {
			isa = XCBuildConfiguration;
			buildSettings = {
				ALWAYS_SEARCH_USER_PATHS = NO;
				CLANG_CXX_LANGUAGE_STANDARD = "gnu++0x";
				CLANG_CXX_LIBRARY = "libc++";
				CLANG_ENABLE_MODULES = YES;
				CLANG_ENABLE_OBJC_ARC = YES;
				CLANG_WARN_BOOL_CONVERSION = YES;
				CLANG_WARN_CONSTANT_CONVERSION = YES;
				CLANG_WARN_DIRECT_OBJC_ISA_USAGE = YES_ERROR;
				CLANG_WARN_EMPTY_BODY = YES;
				CLANG_WARN_ENUM_CONVERSION = YES;
				CLANG_WARN_INT_CONVERSION = YES;
				CLANG_WARN_OBJC_ROOT_CLASS = YES_ERROR;
				CLANG_WARN_UNREACHABLE_CODE = YES;
				CLANG_WARN__DUPLICATE_METHOD_MATCH = YES;
				COPY_PHASE_STRIP = NO;
				DEBUG_INFORMATION_FORMAT = "dwarf-with-dsym";
				ENABLE_NS_ASSERTIONS = NO;
				ENABLE_STRICT_OBJC_MSGSEND = YES;
				GCC_C_LANGUAGE_STANDARD = gnu99;
				GCC_NO_COMMON_BLOCKS = YES;
				GCC_WARN_64_TO_32_BIT_CONVERSION = YES;
				GCC_WARN_ABOUT_RETURN_TYPE = YES_ERROR;
				GCC_WARN_UNDECLARED_SELECTOR = YES;
				GCC_WARN_UNINITIALIZED_AUTOS = YES_AGGRESSIVE;
				GCC_WARN_UNUSED_FUNCTION = YES;
				GCC_WARN_UNUSED_VARIABLE = YES;
				MACOSX_DEPLOYMENT_TARGET = 10.10;
				MTL_ENABLE_DEBUG_INFO = NO;
				SDKROOT = macosx;
			};
			name = Release;
		};
		85543F831BB1283D006DCEF5 /* Debug */ = {
			isa = XCBuildConfiguration;
			buildSettings = {
				PRODUCT_NAME = "$(TARGET_NAME)";
			};
			name = Debug;
		};
		85543F841BB1283D006DCEF5 /* Release */ = {
			isa = XCBuildConfiguration;
			buildSettings = {
				PRODUCT_NAME = "$(TARGET_NAME)";
			};
			name = Release;
		};
/* End XCBuildConfiguration section */

/* Begin XCConfigurationList section */
		85543F761BB1283D006DCEF5 /* Build configuration list for PBXProject "day05_4分类" */ = {
			isa = XCConfigurationList;
			buildConfigurations = (
				85543F801BB1283D006DCEF5 /* Debug */,
				85543F811BB1283D006DCEF5 /* Release */,
			);
			defaultConfigurationIsVisible = 0;
			defaultConfigurationName = Release;
		};
		85543F821BB1283D006DCEF5 /* Build configuration list for PBXNativeTarget "day05_4分类" */ = {
			isa = XCConfigurationList;
			buildConfigurations = (
				85543F831BB1283D006DCEF5 /* Debug */,
				85543F841BB1283D006DCEF5 /* Release */,
			);
			defaultConfigurationIsVisible = 0;
		};
/* End XCConfigurationList section */
	};
	rootObject = 85543F731BB1283D006DCEF5 /* Project object */;
}
