// !$*UTF8*$!
{
	archiveVersion = 1;
	classes = {
	};
	objectVersion = 46;
	objects = {

/* Begin PBXBuildFile section */
		852639411BBA39440058E109 /* main.m in Sources */ = {isa = PBXBuildFile; fileRef = 852639401BBA39440058E109 /* main.m */; };
		852639491BBA3AB90058E109 /* TRStudent.m in Sources */ = {isa = PBXBuildFile; fileRef = 852639481BBA3AB90058E109 /* TRStudent.m */; };
		8526394C1BBA418B0058E109 /* TRTeacher.m in Sources */ = {isa = PBXBuildFile; fileRef = 8526394B1BBA418B0058E109 /* TRTeacher.m */; };
/* End PBXBuildFile section */

/* Begin PBXCopyFilesBuildPhase section */
		8526393B1BBA39440058E109 /* CopyFiles */ = {
			isa = PBXCopyFilesBuildPhase;
			buildActionMask = 2147483647;
			dstPath = /usr/share/man/man1/;
			dstSubfolderSpec = 0;
			files = (
			);
			runOnlyForDeploymentPostprocessing = 1;
		};
/* End PBXCopyFilesBuildPhase section */

/* Begin PBXFileReference section */
		8526393D1BBA39440058E109 /* day09_3NSSet */ = {isa = PBXFileReference; explicitFileType = "compiled.mach-o.executable"; includeInIndex = 0; path = day09_3NSSet; sourceTree = BUILT_PRODUCTS_DIR; };
		852639401BBA39440058E109 /* main.m */ = {isa = PBXFileReference; lastKnownFileType = sourcecode.c.objc; path = main.m; sourceTree = "<group>"; };
		852639471BBA3AB90058E109 /* TRStudent.h */ = {isa = PBXFileReference; fileEncoding = 4; lastKnownFileType = sourcecode.c.h; path = TRStudent.h; sourceTree = "<group>"; };
		852639481BBA3AB90058E109 /* TRStudent.m */ = {isa = PBXFileReference; fileEncoding = 4; lastKnownFileType = sourcecode.c.objc; path = TRStudent.m; sourceTree = "<group>"; };
		8526394A1BBA418B0058E109 /* TRTeacher.h */ = {isa = PBXFileReference; fileEncoding = 4; lastKnownFileType = sourcecode.c.h; path = TRTeacher.h; sourceTree = "<group>"; };
		8526394B1BBA418B0058E109 /* TRTeacher.m */ = {isa = PBXFileReference; fileEncoding = 4; lastKnownFileType = sourcecode.c.objc; path = TRTeacher.m; sourceTree = "<group>"; };
/* End PBXFileReference section */

/* Begin PBXFrameworksBuildPhase section */
		8526393A1BBA39440058E109 /* Frameworks */ = {
			isa = PBXFrameworksBuildPhase;
			buildActionMask = 2147483647;
			files = (
			);
			runOnlyForDeploymentPostprocessing = 0;
		};
/* End PBXFrameworksBuildPhase section */

/* Begin PBXGroup section */
		852639341BBA39440058E109 = {
			isa = PBXGroup;
			children = (
				8526393F1BBA39440058E109 /* day09_3NSSet */,
				8526393E1BBA39440058E109 /* Products */,
			);
			sourceTree = "<group>";
		};
		8526393E1BBA39440058E109 /* Products */ = {
			isa = PBXGroup;
			children = (
				8526393D1BBA39440058E109 /* day09_3NSSet */,
			);
			name = Products;
			sourceTree = "<group>";
		};
		8526393F1BBA39440058E109 /* day09_3NSSet */ = {
			isa = PBXGroup;
			children = (
				852639401BBA39440058E109 /* main.m */,
				852639471BBA3AB90058E109 /* TRStudent.h */,
				852639481BBA3AB90058E109 /* TRStudent.m */,
				8526394A1BBA418B0058E109 /* TRTeacher.h */,
				8526394B1BBA418B0058E109 /* TRTeacher.m */,
			);
			path = day09_3NSSet;
			sourceTree = "<group>";
		};
/* End PBXGroup section */

/* Begin PBXNativeTarget section */
		8526393C1BBA39440058E109 /* day09_3NSSet */ = {
			isa = PBXNativeTarget;
			buildConfigurationList = 852639441BBA39440058E109 /* Build configuration list for PBXNativeTarget "day09_3NSSet" */;
			buildPhases = (
				852639391BBA39440058E109 /* Sources */,
				8526393A1BBA39440058E109 /* Frameworks */,
				8526393B1BBA39440058E109 /* CopyFiles */,
			);
			buildRules = (
			);
			dependencies = (
			);
			name = day09_3NSSet;
			productName = day09_3NSSet;
			productReference = 8526393D1BBA39440058E109 /* day09_3NSSet */;
			productType = "com.apple.product-type.tool";
		};
/* End PBXNativeTarget section */

/* Begin PBXProject section */
		852639351BBA39440058E109 /* Project object */ = {
			isa = PBXProject;
			attributes = {
				LastUpgradeCheck = 0640;
				ORGANIZATIONNAME = tarena;
				TargetAttributes = {
					8526393C1BBA39440058E109 = {
						CreatedOnToolsVersion = 6.4;
					};
				};
			};
			buildConfigurationList = 852639381BBA39440058E109 /* Build configuration list for PBXProject "day09_3NSSet" */;
			compatibilityVersion = "Xcode 3.2";
			developmentRegion = English;
			hasScannedForEncodings = 0;
			knownRegions = (
				en,
			);
			mainGroup = 852639341BBA39440058E109;
			productRefGroup = 8526393E1BBA39440058E109 /* Products */;
			projectDirPath = "";
			projectRoot = "";
			targets = (
				8526393C1BBA39440058E109 /* day09_3NSSet */,
			);
		};
/* End PBXProject section */

/* Begin PBXSourcesBuildPhase section */
		852639391BBA39440058E109 /* Sources */ = {
			isa = PBXSourcesBuildPhase;
			buildActionMask = 2147483647;
			files = (
				8526394C1BBA418B0058E109 /* TRTeacher.m in Sources */,
				852639411BBA39440058E109 /* main.m in Sources */,
				852639491BBA3AB90058E109 /* TRStudent.m in Sources */,
			);
			runOnlyForDeploymentPostprocessing = 0;
		};
/* End PBXSourcesBuildPhase section */

/* Begin XCBuildConfiguration section */
		852639421BBA39440058E109 /* Debug */ = {
			isa = XCBuildConfiguration;
			buildSettings = {
				ALWAYS_SEARCH_USER_PATHS = NO;
				CLANG_CXX_LANGUAGE_STANDARD = "gnu++0x";
				CLANG_CXX_LIBRARY = "libc++";
				CLANG_ENABLE_MODULES = YES;
				CLANG_ENABLE_OBJC_ARC = YES;
				CLANG_WARN_BOOL_CONVERSION = YES;
				CLANG_WARN_CONSTANT_CONVERSION = YES;
				CLANG_WARN_DIRECT_OBJC_ISA_USAGE = YES_ERROR;
				CLANG_WARN_EMPTY_BODY = YES;
				CLANG_WARN_ENUM_CONVERSION = YES;
				CLANG_WARN_INT_CONVERSION = YES;
				CLANG_WARN_OBJC_ROOT_CLASS = YES_ERROR;
				CLANG_WARN_UNREACHABLE_CODE = YES;
				CLANG_WARN__DUPLICATE_METHOD_MATCH = YES;
				COPY_PHASE_STRIP = NO;
				DEBUG_INFORMATION_FORMAT = dwarf;
				ENABLE_STRICT_OBJC_MSGSEND = YES;
				GCC_C_LANGUAGE_STANDARD = gnu99;
				GCC_DYNAMIC_NO_PIC = NO;
				GCC_NO_COMMON_BLOCKS = YES;
				GCC_OPTIMIZATION_LEVEL = 0;
				GCC_PREPROCESSOR_DEFINITIONS = (
					"DEBUG=1",
					"$(inherited)",
				);
				GCC_SYMBOLS_PRIVATE_EXTERN = NO;
				GCC_WARN_64_TO_32_BIT_CONVERSION = YES;
				GCC_WARN_ABOUT_RETURN_TYPE = YES_ERROR;
				GCC_WARN_UNDECLARED_SELECTOR = YES;
				GCC_WARN_UNINITIALIZED_AUTOS = YES_AGGRESSIVE;
				GCC_WARN_UNUSED_FUNCTION = YES;
				GCC_WARN_UNUSED_VARIABLE = YES;
				MACOSX_DEPLOYMENT_TARGET = 10.10;
				MTL_ENABLE_DEBUG_INFO = YES;
				ONLY_ACTIVE_ARCH = YES;
				SDKROOT = macosx;
			};
			name = Debug;
		};
		852639431BBA39440058E109 /* Release */ = {
			isa = XCBuildConfiguration;
			buildSettings = {
				ALWAYS_SEARCH_USER_PATHS = NO;
				CLANG_CXX_LANGUAGE_STANDARD = "gnu++0x";
				CLANG_CXX_LIBRARY = "libc++";
				CLANG_ENABLE_MODULES = YES;
				CLANG_ENABLE_OBJC_ARC = YES;
				CLANG_WARN_BOOL_CONVERSION = YES;
				CLANG_WARN_CONSTANT_CONVERSION = YES;
				CLANG_WARN_DIRECT_OBJC_ISA_USAGE = YES_ERROR;
				CLANG_WARN_EMPTY_BODY = YES;
				CLANG_WARN_ENUM_CONVERSION = YES;
				CLANG_WARN_INT_CONVERSION = YES;
				CLANG_WARN_OBJC_ROOT_CLASS = YES_ERROR;
				CLANG_WARN_UNREACHABLE_CODE = YES;
				CLANG_WARN__DUPLICATE_METHOD_MATCH = YES;
				COPY_PHASE_STRIP = NO;
				DEBUG_INFORMATION_FORMAT = "dwarf-with-dsym";
				ENABLE_NS_ASSERTIONS = NO;
				ENABLE_STRICT_OBJC_MSGSEND = YES;
				GCC_C_LANGUAGE_STANDARD = gnu99;
				GCC_NO_COMMON_BLOCKS = YES;
				GCC_WARN_64_TO_32_BIT_CONVERSION = YES;
				GCC_WARN_ABOUT_RETURN_TYPE = YES_ERROR;
				GCC_WARN_UNDECLARED_SELECTOR = YES;
				GCC_WARN_UNINITIALIZED_AUTOS = YES_AGGRESSIVE;
				GCC_WARN_UNUSED_FUNCTION = YES;
				GCC_WARN_UNUSED_VARIABLE = YES;
				MACOSX_DEPLOYMENT_TARGET = 10.10;
				MTL_ENABLE_DEBUG_INFO = NO;
				SDKROOT = macosx;
			};
			name = Release;
		};
		852639451BBA39440058E109 /* Debug */ = {
			isa = XCBuildConfiguration;
			buildSettings = {
				PRODUCT_NAME = "$(TARGET_NAME)";
			};
			name = Debug;
		};
		852639461BBA39440058E109 /* Release */ = {
			isa = XCBuildConfiguration;
			buildSettings = {
				PRODUCT_NAME = "$(TARGET_NAME)";
			};
			name = Release;
		};
/* End XCBuildConfiguration section */

/* Begin XCConfigurationList section */
		852639381BBA39440058E109 /* Build configuration list for PBXProject "day09_3NSSet" */ = {
			isa = XCConfigurationList;
			buildConfigurations = (
				852639421BBA39440058E109 /* Debug */,
				852639431BBA39440058E109 /* Release */,
			);
			defaultConfigurationIsVisible = 0;
			defaultConfigurationName = Release;
		};
		852639441BBA39440058E109 /* Build configuration list for PBXNativeTarget "day09_3NSSet" */ = {
			isa = XCConfigurationList;
			buildConfigurations = (
				852639451BBA39440058E109 /* Debug */,
				852639461BBA39440058E109 /* Release */,
			);
			defaultConfigurationIsVisible = 0;
		};
/* End XCConfigurationList section */
	};
	rootObject = 852639351BBA39440058E109 /* Project object */;
}
