// !$*UTF8*$!
{
	archiveVersion = 1;
	classes = {
	};
	objectVersion = 46;
	objects = {

/* Begin PBXBuildFile section */
		854DB9911C24F895006D60CF /* TRNavigationController.m in Sources */ = {isa = PBXBuildFile; fileRef = 854DB9901C24F895006D60CF /* TRNavigationController.m */; };
		854DB9941C25094C006D60CF /* TRTabBarController.m in Sources */ = {isa = PBXBuildFile; fileRef = 854DB9931C25094C006D60CF /* TRTabBarController.m */; };
		854DB9981C252E9A006D60CF /* TRTabBar.m in Sources */ = {isa = PBXBuildFile; fileRef = 854DB9971C252E9A006D60CF /* TRTabBar.m */; };
		856EB20C1C23F23600793923 /* main.m in Sources */ = {isa = PBXBuildFile; fileRef = 856EB20B1C23F23600793923 /* main.m */; };
		856EB20F1C23F23600793923 /* AppDelegate.m in Sources */ = {isa = PBXBuildFile; fileRef = 856EB20E1C23F23600793923 /* AppDelegate.m */; };
		856EB2151C23F23600793923 /* Main.storyboard in Resources */ = {isa = PBXBuildFile; fileRef = 856EB2131C23F23600793923 /* Main.storyboard */; };
		856EB2171C23F23600793923 /* Assets.xcassets in Resources */ = {isa = PBXBuildFile; fileRef = 856EB2161C23F23600793923 /* Assets.xcassets */; };
		856EB21A1C23F23600793923 /* LaunchScreen.storyboard in Resources */ = {isa = PBXBuildFile; fileRef = 856EB2181C23F23600793923 /* LaunchScreen.storyboard */; };
/* End PBXBuildFile section */

/* Begin PBXFileReference section */
		854DB98F1C24F895006D60CF /* TRNavigationController.h */ = {isa = PBXFileReference; fileEncoding = 4; lastKnownFileType = sourcecode.c.h; path = TRNavigationController.h; sourceTree = "<group>"; };
		854DB9901C24F895006D60CF /* TRNavigationController.m */ = {isa = PBXFileReference; fileEncoding = 4; lastKnownFileType = sourcecode.c.objc; path = TRNavigationController.m; sourceTree = "<group>"; };
		854DB9921C25094C006D60CF /* TRTabBarController.h */ = {isa = PBXFileReference; fileEncoding = 4; lastKnownFileType = sourcecode.c.h; path = TRTabBarController.h; sourceTree = "<group>"; };
		854DB9931C25094C006D60CF /* TRTabBarController.m */ = {isa = PBXFileReference; fileEncoding = 4; lastKnownFileType = sourcecode.c.objc; path = TRTabBarController.m; sourceTree = "<group>"; };
		854DB9961C252E9A006D60CF /* TRTabBar.h */ = {isa = PBXFileReference; fileEncoding = 4; lastKnownFileType = sourcecode.c.h; path = TRTabBar.h; sourceTree = "<group>"; };
		854DB9971C252E9A006D60CF /* TRTabBar.m */ = {isa = PBXFileReference; fileEncoding = 4; lastKnownFileType = sourcecode.c.objc; path = TRTabBar.m; sourceTree = "<group>"; };
		856EB2071C23F23600793923 /* 我的微信.app */ = {isa = PBXFileReference; explicitFileType = wrapper.application; includeInIndex = 0; path = "我的微信.app"; sourceTree = BUILT_PRODUCTS_DIR; };
		856EB20B1C23F23600793923 /* main.m */ = {isa = PBXFileReference; lastKnownFileType = sourcecode.c.objc; path = main.m; sourceTree = "<group>"; };
		856EB20D1C23F23600793923 /* AppDelegate.h */ = {isa = PBXFileReference; lastKnownFileType = sourcecode.c.h; path = AppDelegate.h; sourceTree = "<group>"; };
		856EB20E1C23F23600793923 /* AppDelegate.m */ = {isa = PBXFileReference; lastKnownFileType = sourcecode.c.objc; path = AppDelegate.m; sourceTree = "<group>"; };
		856EB2141C23F23600793923 /* Base */ = {isa = PBXFileReference; lastKnownFileType = file.storyboard; name = Base; path = Base.lproj/Main.storyboard; sourceTree = "<group>"; };
		856EB2161C23F23600793923 /* Assets.xcassets */ = {isa = PBXFileReference; lastKnownFileType = folder.assetcatalog; path = Assets.xcassets; sourceTree = "<group>"; };
		856EB2191C23F23600793923 /* Base */ = {isa = PBXFileReference; lastKnownFileType = file.storyboard; name = Base; path = Base.lproj/LaunchScreen.storyboard; sourceTree = "<group>"; };
		856EB21B1C23F23600793923 /* Info.plist */ = {isa = PBXFileReference; lastKnownFileType = text.plist.xml; path = Info.plist; sourceTree = "<group>"; };
/* End PBXFileReference section */

/* Begin PBXFrameworksBuildPhase section */
		856EB2041C23F23600793923 /* Frameworks */ = {
			isa = PBXFrameworksBuildPhase;
			buildActionMask = 2147483647;
			files = (
			);
			runOnlyForDeploymentPostprocessing = 0;
		};
/* End PBXFrameworksBuildPhase section */

/* Begin PBXGroup section */
		854DB98E1C24F843006D60CF /* Other */ = {
			isa = PBXGroup;
			children = (
				854DB98F1C24F895006D60CF /* TRNavigationController.h */,
				854DB9901C24F895006D60CF /* TRNavigationController.m */,
				854DB9921C25094C006D60CF /* TRTabBarController.h */,
				854DB9931C25094C006D60CF /* TRTabBarController.m */,
			);
			name = Other;
			sourceTree = "<group>";
		};
		854DB9951C252E6F006D60CF /* View */ = {
			isa = PBXGroup;
			children = (
				854DB9961C252E9A006D60CF /* TRTabBar.h */,
				854DB9971C252E9A006D60CF /* TRTabBar.m */,
			);
			name = View;
			sourceTree = "<group>";
		};
		856EB1FE1C23F23600793923 = {
			isa = PBXGroup;
			children = (
				856EB2091C23F23600793923 /* 我的微信 */,
				856EB2081C23F23600793923 /* Products */,
			);
			sourceTree = "<group>";
		};
		856EB2081C23F23600793923 /* Products */ = {
			isa = PBXGroup;
			children = (
				856EB2071C23F23600793923 /* 我的微信.app */,
			);
			name = Products;
			sourceTree = "<group>";
		};
		856EB2091C23F23600793923 /* 我的微信 */ = {
			isa = PBXGroup;
			children = (
				856EB20D1C23F23600793923 /* AppDelegate.h */,
				856EB20E1C23F23600793923 /* AppDelegate.m */,
				854DB9951C252E6F006D60CF /* View */,
				854DB98E1C24F843006D60CF /* Other */,
				856EB2131C23F23600793923 /* Main.storyboard */,
				856EB2161C23F23600793923 /* Assets.xcassets */,
				856EB2181C23F23600793923 /* LaunchScreen.storyboard */,
				856EB21B1C23F23600793923 /* Info.plist */,
				856EB20A1C23F23600793923 /* Supporting Files */,
			);
			path = "我的微信";
			sourceTree = "<group>";
		};
		856EB20A1C23F23600793923 /* Supporting Files */ = {
			isa = PBXGroup;
			children = (
				856EB20B1C23F23600793923 /* main.m */,
			);
			name = "Supporting Files";
			sourceTree = "<group>";
		};
/* End PBXGroup section */

/* Begin PBXNativeTarget section */
		856EB2061C23F23600793923 /* 我的微信 */ = {
			isa = PBXNativeTarget;
			buildConfigurationList = 856EB21E1C23F23600793923 /* Build configuration list for PBXNativeTarget "我的微信" */;
			buildPhases = (
				856EB2031C23F23600793923 /* Sources */,
				856EB2041C23F23600793923 /* Frameworks */,
				856EB2051C23F23600793923 /* Resources */,
			);
			buildRules = (
			);
			dependencies = (
			);
			name = "我的微信";
			productName = "我的微信";
			productReference = 856EB2071C23F23600793923 /* 我的微信.app */;
			productType = "com.apple.product-type.application";
		};
/* End PBXNativeTarget section */

/* Begin PBXProject section */
		856EB1FF1C23F23600793923 /* Project object */ = {
			isa = PBXProject;
			attributes = {
				LastUpgradeCheck = 0710;
				ORGANIZATIONNAME = Tarena;
				TargetAttributes = {
					856EB2061C23F23600793923 = {
						CreatedOnToolsVersion = 7.1;
					};
				};
			};
			buildConfigurationList = 856EB2021C23F23600793923 /* Build configuration list for PBXProject "我的微信" */;
			compatibilityVersion = "Xcode 3.2";
			developmentRegion = English;
			hasScannedForEncodings = 0;
			knownRegions = (
				en,
				Base,
			);
			mainGroup = 856EB1FE1C23F23600793923;
			productRefGroup = 856EB2081C23F23600793923 /* Products */;
			projectDirPath = "";
			projectRoot = "";
			targets = (
				856EB2061C23F23600793923 /* 我的微信 */,
			);
		};
/* End PBXProject section */

/* Begin PBXResourcesBuildPhase section */
		856EB2051C23F23600793923 /* Resources */ = {
			isa = PBXResourcesBuildPhase;
			buildActionMask = 2147483647;
			files = (
				856EB21A1C23F23600793923 /* LaunchScreen.storyboard in Resources */,
				856EB2171C23F23600793923 /* Assets.xcassets in Resources */,
				856EB2151C23F23600793923 /* Main.storyboard in Resources */,
			);
			runOnlyForDeploymentPostprocessing = 0;
		};
/* End PBXResourcesBuildPhase section */

/* Begin PBXSourcesBuildPhase section */
		856EB2031C23F23600793923 /* Sources */ = {
			isa = PBXSourcesBuildPhase;
			buildActionMask = 2147483647;
			files = (
				854DB9981C252E9A006D60CF /* TRTabBar.m in Sources */,
				856EB20F1C23F23600793923 /* AppDelegate.m in Sources */,
				854DB9941C25094C006D60CF /* TRTabBarController.m in Sources */,
				856EB20C1C23F23600793923 /* main.m in Sources */,
				854DB9911C24F895006D60CF /* TRNavigationController.m in Sources */,
			);
			runOnlyForDeploymentPostprocessing = 0;
		};
/* End PBXSourcesBuildPhase section */

/* Begin PBXVariantGroup section */
		856EB2131C23F23600793923 /* Main.storyboard */ = {
			isa = PBXVariantGroup;
			children = (
				856EB2141C23F23600793923 /* Base */,
			);
			name = Main.storyboard;
			sourceTree = "<group>";
		};
		856EB2181C23F23600793923 /* LaunchScreen.storyboard */ = {
			isa = PBXVariantGroup;
			children = (
				856EB2191C23F23600793923 /* Base */,
			);
			name = LaunchScreen.storyboard;
			sourceTree = "<group>";
		};
/* End PBXVariantGroup section */

/* Begin XCBuildConfiguration section */
		856EB21C1C23F23600793923 /* Debug */ = {
			isa = XCBuildConfiguration;
			buildSettings = {
				ALWAYS_SEARCH_USER_PATHS = NO;
				CLANG_CXX_LANGUAGE_STANDARD = "gnu++0x";
				CLANG_CXX_LIBRARY = "libc++";
				CLANG_ENABLE_MODULES = YES;
				CLANG_ENABLE_OBJC_ARC = YES;
				CLANG_WARN_BOOL_CONVERSION = YES;
				CLANG_WARN_CONSTANT_CONVERSION = YES;
				CLANG_WARN_DIRECT_OBJC_ISA_USAGE = YES_ERROR;
				CLANG_WARN_EMPTY_BODY = YES;
				CLANG_WARN_ENUM_CONVERSION = YES;
				CLANG_WARN_INT_CONVERSION = YES;
				CLANG_WARN_OBJC_ROOT_CLASS = YES_ERROR;
				CLANG_WARN_UNREACHABLE_CODE = YES;
				CLANG_WARN__DUPLICATE_METHOD_MATCH = YES;
				"CODE_SIGN_IDENTITY[sdk=iphoneos*]" = "iPhone Developer";
				COPY_PHASE_STRIP = NO;
				DEBUG_INFORMATION_FORMAT = dwarf;
				ENABLE_STRICT_OBJC_MSGSEND = YES;
				ENABLE_TESTABILITY = YES;
				GCC_C_LANGUAGE_STANDARD = gnu99;
				GCC_DYNAMIC_NO_PIC = NO;
				GCC_NO_COMMON_BLOCKS = YES;
				GCC_OPTIMIZATION_LEVEL = 0;
				GCC_PREPROCESSOR_DEFINITIONS = (
					"DEBUG=1",
					"$(inherited)",
				);
				GCC_WARN_64_TO_32_BIT_CONVERSION = YES;
				GCC_WARN_ABOUT_RETURN_TYPE = YES_ERROR;
				GCC_WARN_UNDECLARED_SELECTOR = YES;
				GCC_WARN_UNINITIALIZED_AUTOS = YES_AGGRESSIVE;
				GCC_WARN_UNUSED_FUNCTION = YES;
				GCC_WARN_UNUSED_VARIABLE = YES;
				IPHONEOS_DEPLOYMENT_TARGET = 9.1;
				MTL_ENABLE_DEBUG_INFO = YES;
				ONLY_ACTIVE_ARCH = YES;
				SDKROOT = iphoneos;
			};
			name = Debug;
		};
		856EB21D1C23F23600793923 /* Release */ = {
			isa = XCBuildConfiguration;
			buildSettings = {
				ALWAYS_SEARCH_USER_PATHS = NO;
				CLANG_CXX_LANGUAGE_STANDARD = "gnu++0x";
				CLANG_CXX_LIBRARY = "libc++";
				CLANG_ENABLE_MODULES = YES;
				CLANG_ENABLE_OBJC_ARC = YES;
				CLANG_WARN_BOOL_CONVERSION = YES;
				CLANG_WARN_CONSTANT_CONVERSION = YES;
				CLANG_WARN_DIRECT_OBJC_ISA_USAGE = YES_ERROR;
				CLANG_WARN_EMPTY_BODY = YES;
				CLANG_WARN_ENUM_CONVERSION = YES;
				CLANG_WARN_INT_CONVERSION = YES;
				CLANG_WARN_OBJC_ROOT_CLASS = YES_ERROR;
				CLANG_WARN_UNREACHABLE_CODE = YES;
				CLANG_WARN__DUPLICATE_METHOD_MATCH = YES;
				"CODE_SIGN_IDENTITY[sdk=iphoneos*]" = "iPhone Developer";
				COPY_PHASE_STRIP = NO;
				DEBUG_INFORMATION_FORMAT = "dwarf-with-dsym";
				ENABLE_NS_ASSERTIONS = NO;
				ENABLE_STRICT_OBJC_MSGSEND = YES;
				GCC_C_LANGUAGE_STANDARD = gnu99;
				GCC_NO_COMMON_BLOCKS = YES;
				GCC_WARN_64_TO_32_BIT_CONVERSION = YES;
				GCC_WARN_ABOUT_RETURN_TYPE = YES_ERROR;
				GCC_WARN_UNDECLARED_SELECTOR = YES;
				GCC_WARN_UNINITIALIZED_AUTOS = YES_AGGRESSIVE;
				GCC_WARN_UNUSED_FUNCTION = YES;
				GCC_WARN_UNUSED_VARIABLE = YES;
				IPHONEOS_DEPLOYMENT_TARGET = 9.1;
				MTL_ENABLE_DEBUG_INFO = NO;
				SDKROOT = iphoneos;
				VALIDATE_PRODUCT = YES;
			};
			name = Release;
		};
		856EB21F1C23F23600793923 /* Debug */ = {
			isa = XCBuildConfiguration;
			buildSettings = {
				ASSETCATALOG_COMPILER_APPICON_NAME = AppIcon;
				ASSETCATALOG_COMPILER_LAUNCHIMAGE_NAME = LaunchImage;
				INFOPLIST_FILE = "我的微信/Info.plist";
				LD_RUNPATH_SEARCH_PATHS = "$(inherited) @executable_path/Frameworks";
				PRODUCT_BUNDLE_IDENTIFIER = "cn.tedu.----";
				PRODUCT_NAME = "$(TARGET_NAME)";
			};
			name = Debug;
		};
		856EB2201C23F23600793923 /* Release */ = {
			isa = XCBuildConfiguration;
			buildSettings = {
				ASSETCATALOG_COMPILER_APPICON_NAME = AppIcon;
				ASSETCATALOG_COMPILER_LAUNCHIMAGE_NAME = LaunchImage;
				INFOPLIST_FILE = "我的微信/Info.plist";
				LD_RUNPATH_SEARCH_PATHS = "$(inherited) @executable_path/Frameworks";
				PRODUCT_BUNDLE_IDENTIFIER = "cn.tedu.----";
				PRODUCT_NAME = "$(TARGET_NAME)";
			};
			name = Release;
		};
/* End XCBuildConfiguration section */

/* Begin XCConfigurationList section */
		856EB2021C23F23600793923 /* Build configuration list for PBXProject "我的微信" */ = {
			isa = XCConfigurationList;
			buildConfigurations = (
				856EB21C1C23F23600793923 /* Debug */,
				856EB21D1C23F23600793923 /* Release */,
			);
			defaultConfigurationIsVisible = 0;
			defaultConfigurationName = Release;
		};
		856EB21E1C23F23600793923 /* Build configuration list for PBXNativeTarget "我的微信" */ = {
			isa = XCConfigurationList;
			buildConfigurations = (
				856EB21F1C23F23600793923 /* Debug */,
				856EB2201C23F23600793923 /* Release */,
			);
			defaultConfigurationIsVisible = 0;
			defaultConfigurationName = Release;
		};
/* End XCConfigurationList section */
	};
	rootObject = 856EB1FF1C23F23600793923 /* Project object */;
}
