// !$*UTF8*$!
{
	archiveVersion = 1;
	classes = {
	};
	objectVersion = 46;
	objects = {

/* Begin PBXBuildFile section */
		85222B511BAFB6E100286DA5 /* main.m in Sources */ = {isa = PBXBuildFile; fileRef = 85222B501BAFB6E100286DA5 /* main.m */; };
		85222B591BAFB72600286DA5 /* TRHead.m in Sources */ = {isa = PBXBuildFile; fileRef = 85222B581BAFB72600286DA5 /* TRHead.m */; };
		85222B5C1BAFB7B300286DA5 /* TRLimb.m in Sources */ = {isa = PBXBuildFile; fileRef = 85222B5B1BAFB7B300286DA5 /* TRLimb.m */; };
		85222B5F1BAFB7F000286DA5 /* TRTruck.m in Sources */ = {isa = PBXBuildFile; fileRef = 85222B5E1BAFB7F000286DA5 /* TRTruck.m */; };
		85222B621BAFB82B00286DA5 /* TRAnimal.m in Sources */ = {isa = PBXBuildFile; fileRef = 85222B611BAFB82B00286DA5 /* TRAnimal.m */; };
/* End PBXBuildFile section */

/* Begin PBXCopyFilesBuildPhase section */
		85222B4B1BAFB6E100286DA5 /* CopyFiles */ = {
			isa = PBXCopyFilesBuildPhase;
			buildActionMask = 2147483647;
			dstPath = /usr/share/man/man1/;
			dstSubfolderSpec = 0;
			files = (
			);
			runOnlyForDeploymentPostprocessing = 1;
		};
/* End PBXCopyFilesBuildPhase section */

/* Begin PBXFileReference section */
		85222B4D1BAFB6E100286DA5 /* day04_4组合练习 */ = {isa = PBXFileReference; explicitFileType = "compiled.mach-o.executable"; includeInIndex = 0; path = "day04_4组合练习"; sourceTree = BUILT_PRODUCTS_DIR; };
		85222B501BAFB6E100286DA5 /* main.m */ = {isa = PBXFileReference; lastKnownFileType = sourcecode.c.objc; path = main.m; sourceTree = "<group>"; };
		85222B571BAFB72600286DA5 /* TRHead.h */ = {isa = PBXFileReference; fileEncoding = 4; lastKnownFileType = sourcecode.c.h; path = TRHead.h; sourceTree = "<group>"; };
		85222B581BAFB72600286DA5 /* TRHead.m */ = {isa = PBXFileReference; fileEncoding = 4; lastKnownFileType = sourcecode.c.objc; path = TRHead.m; sourceTree = "<group>"; };
		85222B5A1BAFB7B300286DA5 /* TRLimb.h */ = {isa = PBXFileReference; fileEncoding = 4; lastKnownFileType = sourcecode.c.h; path = TRLimb.h; sourceTree = "<group>"; };
		85222B5B1BAFB7B300286DA5 /* TRLimb.m */ = {isa = PBXFileReference; fileEncoding = 4; lastKnownFileType = sourcecode.c.objc; path = TRLimb.m; sourceTree = "<group>"; };
		85222B5D1BAFB7F000286DA5 /* TRTruck.h */ = {isa = PBXFileReference; fileEncoding = 4; lastKnownFileType = sourcecode.c.h; path = TRTruck.h; sourceTree = "<group>"; };
		85222B5E1BAFB7F000286DA5 /* TRTruck.m */ = {isa = PBXFileReference; fileEncoding = 4; lastKnownFileType = sourcecode.c.objc; path = TRTruck.m; sourceTree = "<group>"; };
		85222B601BAFB82B00286DA5 /* TRAnimal.h */ = {isa = PBXFileReference; fileEncoding = 4; lastKnownFileType = sourcecode.c.h; path = TRAnimal.h; sourceTree = "<group>"; };
		85222B611BAFB82B00286DA5 /* TRAnimal.m */ = {isa = PBXFileReference; fileEncoding = 4; lastKnownFileType = sourcecode.c.objc; path = TRAnimal.m; sourceTree = "<group>"; };
/* End PBXFileReference section */

/* Begin PBXFrameworksBuildPhase section */
		85222B4A1BAFB6E100286DA5 /* Frameworks */ = {
			isa = PBXFrameworksBuildPhase;
			buildActionMask = 2147483647;
			files = (
			);
			runOnlyForDeploymentPostprocessing = 0;
		};
/* End PBXFrameworksBuildPhase section */

/* Begin PBXGroup section */
		85222B441BAFB6E100286DA5 = {
			isa = PBXGroup;
			children = (
				85222B4F1BAFB6E100286DA5 /* day04_4组合练习 */,
				85222B4E1BAFB6E100286DA5 /* Products */,
			);
			sourceTree = "<group>";
		};
		85222B4E1BAFB6E100286DA5 /* Products */ = {
			isa = PBXGroup;
			children = (
				85222B4D1BAFB6E100286DA5 /* day04_4组合练习 */,
			);
			name = Products;
			sourceTree = "<group>";
		};
		85222B4F1BAFB6E100286DA5 /* day04_4组合练习 */ = {
			isa = PBXGroup;
			children = (
				85222B501BAFB6E100286DA5 /* main.m */,
				85222B571BAFB72600286DA5 /* TRHead.h */,
				85222B581BAFB72600286DA5 /* TRHead.m */,
				85222B5A1BAFB7B300286DA5 /* TRLimb.h */,
				85222B5B1BAFB7B300286DA5 /* TRLimb.m */,
				85222B5D1BAFB7F000286DA5 /* TRTruck.h */,
				85222B5E1BAFB7F000286DA5 /* TRTruck.m */,
				85222B601BAFB82B00286DA5 /* TRAnimal.h */,
				85222B611BAFB82B00286DA5 /* TRAnimal.m */,
			);
			path = "day04_4组合练习";
			sourceTree = "<group>";
		};
/* End PBXGroup section */

/* Begin PBXNativeTarget section */
		85222B4C1BAFB6E100286DA5 /* day04_4组合练习 */ = {
			isa = PBXNativeTarget;
			buildConfigurationList = 85222B541BAFB6E100286DA5 /* Build configuration list for PBXNativeTarget "day04_4组合练习" */;
			buildPhases = (
				85222B491BAFB6E100286DA5 /* Sources */,
				85222B4A1BAFB6E100286DA5 /* Frameworks */,
				85222B4B1BAFB6E100286DA5 /* CopyFiles */,
			);
			buildRules = (
			);
			dependencies = (
			);
			name = "day04_4组合练习";
			productName = "day04_4组合练习";
			productReference = 85222B4D1BAFB6E100286DA5 /* day04_4组合练习 */;
			productType = "com.apple.product-type.tool";
		};
/* End PBXNativeTarget section */

/* Begin PBXProject section */
		85222B451BAFB6E100286DA5 /* Project object */ = {
			isa = PBXProject;
			attributes = {
				LastUpgradeCheck = 0640;
				ORGANIZATIONNAME = tarena;
				TargetAttributes = {
					85222B4C1BAFB6E100286DA5 = {
						CreatedOnToolsVersion = 6.4;
					};
				};
			};
			buildConfigurationList = 85222B481BAFB6E100286DA5 /* Build configuration list for PBXProject "day04_4组合练习" */;
			compatibilityVersion = "Xcode 3.2";
			developmentRegion = English;
			hasScannedForEncodings = 0;
			knownRegions = (
				en,
			);
			mainGroup = 85222B441BAFB6E100286DA5;
			productRefGroup = 85222B4E1BAFB6E100286DA5 /* Products */;
			projectDirPath = "";
			projectRoot = "";
			targets = (
				85222B4C1BAFB6E100286DA5 /* day04_4组合练习 */,
			);
		};
/* End PBXProject section */

/* Begin PBXSourcesBuildPhase section */
		85222B491BAFB6E100286DA5 /* Sources */ = {
			isa = PBXSourcesBuildPhase;
			buildActionMask = 2147483647;
			files = (
				85222B511BAFB6E100286DA5 /* main.m in Sources */,
				85222B621BAFB82B00286DA5 /* TRAnimal.m in Sources */,
				85222B5C1BAFB7B300286DA5 /* TRLimb.m in Sources */,
				85222B591BAFB72600286DA5 /* TRHead.m in Sources */,
				85222B5F1BAFB7F000286DA5 /* TRTruck.m in Sources */,
			);
			runOnlyForDeploymentPostprocessing = 0;
		};
/* End PBXSourcesBuildPhase section */

/* Begin XCBuildConfiguration section */
		85222B521BAFB6E100286DA5 /* Debug */ = {
			isa = XCBuildConfiguration;
			buildSettings = {
				ALWAYS_SEARCH_USER_PATHS = NO;
				CLANG_CXX_LANGUAGE_STANDARD = "gnu++0x";
				CLANG_CXX_LIBRARY = "libc++";
				CLANG_ENABLE_MODULES = YES;
				CLANG_ENABLE_OBJC_ARC = YES;
				CLANG_WARN_BOOL_CONVERSION = YES;
				CLANG_WARN_CONSTANT_CONVERSION = YES;
				CLANG_WARN_DIRECT_OBJC_ISA_USAGE = YES_ERROR;
				CLANG_WARN_EMPTY_BODY = YES;
				CLANG_WARN_ENUM_CONVERSION = YES;
				CLANG_WARN_INT_CONVERSION = YES;
				CLANG_WARN_OBJC_ROOT_CLASS = YES_ERROR;
				CLANG_WARN_UNREACHABLE_CODE = YES;
				CLANG_WARN__DUPLICATE_METHOD_MATCH = YES;
				COPY_PHASE_STRIP = NO;
				DEBUG_INFORMATION_FORMAT = dwarf;
				ENABLE_STRICT_OBJC_MSGSEND = YES;
				GCC_C_LANGUAGE_STANDARD = gnu99;
				GCC_DYNAMIC_NO_PIC = NO;
				GCC_NO_COMMON_BLOCKS = YES;
				GCC_OPTIMIZATION_LEVEL = 0;
				GCC_PREPROCESSOR_DEFINITIONS = (
					"DEBUG=1",
					"$(inherited)",
				);
				GCC_SYMBOLS_PRIVATE_EXTERN = NO;
				GCC_WARN_64_TO_32_BIT_CONVERSION = YES;
				GCC_WARN_ABOUT_RETURN_TYPE = YES_ERROR;
				GCC_WARN_UNDECLARED_SELECTOR = YES;
				GCC_WARN_UNINITIALIZED_AUTOS = YES_AGGRESSIVE;
				GCC_WARN_UNUSED_FUNCTION = YES;
				GCC_WARN_UNUSED_VARIABLE = YES;
				MACOSX_DEPLOYMENT_TARGET = 10.10;
				MTL_ENABLE_DEBUG_INFO = YES;
				ONLY_ACTIVE_ARCH = YES;
				SDKROOT = macosx;
			};
			name = Debug;
		};
		85222B531BAFB6E100286DA5 /* Release */ = {
			isa = XCBuildConfiguration;
			buildSettings = {
				ALWAYS_SEARCH_USER_PATHS = NO;
				CLANG_CXX_LANGUAGE_STANDARD = "gnu++0x";
				CLANG_CXX_LIBRARY = "libc++";
				CLANG_ENABLE_MODULES = YES;
				CLANG_ENABLE_OBJC_ARC = YES;
				CLANG_WARN_BOOL_CONVERSION = YES;
				CLANG_WARN_CONSTANT_CONVERSION = YES;
				CLANG_WARN_DIRECT_OBJC_ISA_USAGE = YES_ERROR;
				CLANG_WARN_EMPTY_BODY = YES;
				CLANG_WARN_ENUM_CONVERSION = YES;
				CLANG_WARN_INT_CONVERSION = YES;
				CLANG_WARN_OBJC_ROOT_CLASS = YES_ERROR;
				CLANG_WARN_UNREACHABLE_CODE = YES;
				CLANG_WARN__DUPLICATE_METHOD_MATCH = YES;
				COPY_PHASE_STRIP = NO;
				DEBUG_INFORMATION_FORMAT = "dwarf-with-dsym";
				ENABLE_NS_ASSERTIONS = NO;
				ENABLE_STRICT_OBJC_MSGSEND = YES;
				GCC_C_LANGUAGE_STANDARD = gnu99;
				GCC_NO_COMMON_BLOCKS = YES;
				GCC_WARN_64_TO_32_BIT_CONVERSION = YES;
				GCC_WARN_ABOUT_RETURN_TYPE = YES_ERROR;
				GCC_WARN_UNDECLARED_SELECTOR = YES;
				GCC_WARN_UNINITIALIZED_AUTOS = YES_AGGRESSIVE;
				GCC_WARN_UNUSED_FUNCTION = YES;
				GCC_WARN_UNUSED_VARIABLE = YES;
				MACOSX_DEPLOYMENT_TARGET = 10.10;
				MTL_ENABLE_DEBUG_INFO = NO;
				SDKROOT = macosx;
			};
			name = Release;
		};
		85222B551BAFB6E100286DA5 /* Debug */ = {
			isa = XCBuildConfiguration;
			buildSettings = {
				PRODUCT_NAME = "$(TARGET_NAME)";
			};
			name = Debug;
		};
		85222B561BAFB6E100286DA5 /* Release */ = {
			isa = XCBuildConfiguration;
			buildSettings = {
				PRODUCT_NAME = "$(TARGET_NAME)";
			};
			name = Release;
		};
/* End XCBuildConfiguration section */

/* Begin XCConfigurationList section */
		85222B481BAFB6E100286DA5 /* Build configuration list for PBXProject "day04_4组合练习" */ = {
			isa = XCConfigurationList;
			buildConfigurations = (
				85222B521BAFB6E100286DA5 /* Debug */,
				85222B531BAFB6E100286DA5 /* Release */,
			);
			defaultConfigurationIsVisible = 0;
			defaultConfigurationName = Release;
		};
		85222B541BAFB6E100286DA5 /* Build configuration list for PBXNativeTarget "day04_4组合练习" */ = {
			isa = XCConfigurationList;
			buildConfigurations = (
				85222B551BAFB6E100286DA5 /* Debug */,
				85222B561BAFB6E100286DA5 /* Release */,
			);
			defaultConfigurationIsVisible = 0;
		};
/* End XCConfigurationList section */
	};
	rootObject = 85222B451BAFB6E100286DA5 /* Project object */;
}
