// !$*UTF8*$!
{
	archiveVersion = 1;
	classes = {
	};
	objectVersion = 46;
	objects = {

/* Begin PBXBuildFile section */
		851E28AA1BAFAB7100B972EA /* main.m in Sources */ = {isa = PBXBuildFile; fileRef = 851E28A91BAFAB7100B972EA /* main.m */; };
		851E28B21BAFABA900B972EA /* TRButton.m in Sources */ = {isa = PBXBuildFile; fileRef = 851E28B11BAFABA900B972EA /* TRButton.m */; };
		851E28B51BAFAC6C00B972EA /* TREdit.m in Sources */ = {isa = PBXBuildFile; fileRef = 851E28B41BAFAC6C00B972EA /* TREdit.m */; };
		851E28B81BAFAD2900B972EA /* TRWindow.m in Sources */ = {isa = PBXBuildFile; fileRef = 851E28B71BAFAD2900B972EA /* TRWindow.m */; };
/* End PBXBuildFile section */

/* Begin PBXCopyFilesBuildPhase section */
		851E28A41BAFAB7100B972EA /* CopyFiles */ = {
			isa = PBXCopyFilesBuildPhase;
			buildActionMask = 2147483647;
			dstPath = /usr/share/man/man1/;
			dstSubfolderSpec = 0;
			files = (
			);
			runOnlyForDeploymentPostprocessing = 1;
		};
/* End PBXCopyFilesBuildPhase section */

/* Begin PBXFileReference section */
		851E28A61BAFAB7100B972EA /* day04_2组合 */ = {isa = PBXFileReference; explicitFileType = "compiled.mach-o.executable"; includeInIndex = 0; path = "day04_2组合"; sourceTree = BUILT_PRODUCTS_DIR; };
		851E28A91BAFAB7100B972EA /* main.m */ = {isa = PBXFileReference; lastKnownFileType = sourcecode.c.objc; path = main.m; sourceTree = "<group>"; };
		851E28B01BAFABA900B972EA /* TRButton.h */ = {isa = PBXFileReference; fileEncoding = 4; lastKnownFileType = sourcecode.c.h; path = TRButton.h; sourceTree = "<group>"; };
		851E28B11BAFABA900B972EA /* TRButton.m */ = {isa = PBXFileReference; fileEncoding = 4; lastKnownFileType = sourcecode.c.objc; path = TRButton.m; sourceTree = "<group>"; };
		851E28B31BAFAC6C00B972EA /* TREdit.h */ = {isa = PBXFileReference; fileEncoding = 4; lastKnownFileType = sourcecode.c.h; path = TREdit.h; sourceTree = "<group>"; };
		851E28B41BAFAC6C00B972EA /* TREdit.m */ = {isa = PBXFileReference; fileEncoding = 4; lastKnownFileType = sourcecode.c.objc; path = TREdit.m; sourceTree = "<group>"; };
		851E28B61BAFAD2900B972EA /* TRWindow.h */ = {isa = PBXFileReference; fileEncoding = 4; lastKnownFileType = sourcecode.c.h; path = TRWindow.h; sourceTree = "<group>"; };
		851E28B71BAFAD2900B972EA /* TRWindow.m */ = {isa = PBXFileReference; fileEncoding = 4; lastKnownFileType = sourcecode.c.objc; path = TRWindow.m; sourceTree = "<group>"; };
/* End PBXFileReference section */

/* Begin PBXFrameworksBuildPhase section */
		851E28A31BAFAB7100B972EA /* Frameworks */ = {
			isa = PBXFrameworksBuildPhase;
			buildActionMask = 2147483647;
			files = (
			);
			runOnlyForDeploymentPostprocessing = 0;
		};
/* End PBXFrameworksBuildPhase section */

/* Begin PBXGroup section */
		851E289D1BAFAB7100B972EA = {
			isa = PBXGroup;
			children = (
				851E28A81BAFAB7100B972EA /* day04_2组合 */,
				851E28A71BAFAB7100B972EA /* Products */,
			);
			sourceTree = "<group>";
		};
		851E28A71BAFAB7100B972EA /* Products */ = {
			isa = PBXGroup;
			children = (
				851E28A61BAFAB7100B972EA /* day04_2组合 */,
			);
			name = Products;
			sourceTree = "<group>";
		};
		851E28A81BAFAB7100B972EA /* day04_2组合 */ = {
			isa = PBXGroup;
			children = (
				851E28A91BAFAB7100B972EA /* main.m */,
				851E28B01BAFABA900B972EA /* TRButton.h */,
				851E28B11BAFABA900B972EA /* TRButton.m */,
				851E28B31BAFAC6C00B972EA /* TREdit.h */,
				851E28B41BAFAC6C00B972EA /* TREdit.m */,
				851E28B61BAFAD2900B972EA /* TRWindow.h */,
				851E28B71BAFAD2900B972EA /* TRWindow.m */,
			);
			path = "day04_2组合";
			sourceTree = "<group>";
		};
/* End PBXGroup section */

/* Begin PBXNativeTarget section */
		851E28A51BAFAB7100B972EA /* day04_2组合 */ = {
			isa = PBXNativeTarget;
			buildConfigurationList = 851E28AD1BAFAB7100B972EA /* Build configuration list for PBXNativeTarget "day04_2组合" */;
			buildPhases = (
				851E28A21BAFAB7100B972EA /* Sources */,
				851E28A31BAFAB7100B972EA /* Frameworks */,
				851E28A41BAFAB7100B972EA /* CopyFiles */,
			);
			buildRules = (
			);
			dependencies = (
			);
			name = "day04_2组合";
			productName = "day04_2组合";
			productReference = 851E28A61BAFAB7100B972EA /* day04_2组合 */;
			productType = "com.apple.product-type.tool";
		};
/* End PBXNativeTarget section */

/* Begin PBXProject section */
		851E289E1BAFAB7100B972EA /* Project object */ = {
			isa = PBXProject;
			attributes = {
				LastUpgradeCheck = 0640;
				ORGANIZATIONNAME = tarena;
				TargetAttributes = {
					851E28A51BAFAB7100B972EA = {
						CreatedOnToolsVersion = 6.4;
					};
				};
			};
			buildConfigurationList = 851E28A11BAFAB7100B972EA /* Build configuration list for PBXProject "day04_2组合" */;
			compatibilityVersion = "Xcode 3.2";
			developmentRegion = English;
			hasScannedForEncodings = 0;
			knownRegions = (
				en,
			);
			mainGroup = 851E289D1BAFAB7100B972EA;
			productRefGroup = 851E28A71BAFAB7100B972EA /* Products */;
			projectDirPath = "";
			projectRoot = "";
			targets = (
				851E28A51BAFAB7100B972EA /* day04_2组合 */,
			);
		};
/* End PBXProject section */

/* Begin PBXSourcesBuildPhase section */
		851E28A21BAFAB7100B972EA /* Sources */ = {
			isa = PBXSourcesBuildPhase;
			buildActionMask = 2147483647;
			files = (
				851E28B51BAFAC6C00B972EA /* TREdit.m in Sources */,
				851E28AA1BAFAB7100B972EA /* main.m in Sources */,
				851E28B21BAFABA900B972EA /* TRButton.m in Sources */,
				851E28B81BAFAD2900B972EA /* TRWindow.m in Sources */,
			);
			runOnlyForDeploymentPostprocessing = 0;
		};
/* End PBXSourcesBuildPhase section */

/* Begin XCBuildConfiguration section */
		851E28AB1BAFAB7100B972EA /* Debug */ = {
			isa = XCBuildConfiguration;
			buildSettings = {
				ALWAYS_SEARCH_USER_PATHS = NO;
				CLANG_CXX_LANGUAGE_STANDARD = "gnu++0x";
				CLANG_CXX_LIBRARY = "libc++";
				CLANG_ENABLE_MODULES = YES;
				CLANG_ENABLE_OBJC_ARC = YES;
				CLANG_WARN_BOOL_CONVERSION = YES;
				CLANG_WARN_CONSTANT_CONVERSION = YES;
				CLANG_WARN_DIRECT_OBJC_ISA_USAGE = YES_ERROR;
				CLANG_WARN_EMPTY_BODY = YES;
				CLANG_WARN_ENUM_CONVERSION = YES;
				CLANG_WARN_INT_CONVERSION = YES;
				CLANG_WARN_OBJC_ROOT_CLASS = YES_ERROR;
				CLANG_WARN_UNREACHABLE_CODE = YES;
				CLANG_WARN__DUPLICATE_METHOD_MATCH = YES;
				COPY_PHASE_STRIP = NO;
				DEBUG_INFORMATION_FORMAT = dwarf;
				ENABLE_STRICT_OBJC_MSGSEND = YES;
				GCC_C_LANGUAGE_STANDARD = gnu99;
				GCC_DYNAMIC_NO_PIC = NO;
				GCC_NO_COMMON_BLOCKS = YES;
				GCC_OPTIMIZATION_LEVEL = 0;
				GCC_PREPROCESSOR_DEFINITIONS = (
					"DEBUG=1",
					"$(inherited)",
				);
				GCC_SYMBOLS_PRIVATE_EXTERN = NO;
				GCC_WARN_64_TO_32_BIT_CONVERSION = YES;
				GCC_WARN_ABOUT_RETURN_TYPE = YES_ERROR;
				GCC_WARN_UNDECLARED_SELECTOR = YES;
				GCC_WARN_UNINITIALIZED_AUTOS = YES_AGGRESSIVE;
				GCC_WARN_UNUSED_FUNCTION = YES;
				GCC_WARN_UNUSED_VARIABLE = YES;
				MACOSX_DEPLOYMENT_TARGET = 10.10;
				MTL_ENABLE_DEBUG_INFO = YES;
				ONLY_ACTIVE_ARCH = YES;
				SDKROOT = macosx;
			};
			name = Debug;
		};
		851E28AC1BAFAB7100B972EA /* Release */ = {
			isa = XCBuildConfiguration;
			buildSettings = {
				ALWAYS_SEARCH_USER_PATHS = NO;
				CLANG_CXX_LANGUAGE_STANDARD = "gnu++0x";
				CLANG_CXX_LIBRARY = "libc++";
				CLANG_ENABLE_MODULES = YES;
				CLANG_ENABLE_OBJC_ARC = YES;
				CLANG_WARN_BOOL_CONVERSION = YES;
				CLANG_WARN_CONSTANT_CONVERSION = YES;
				CLANG_WARN_DIRECT_OBJC_ISA_USAGE = YES_ERROR;
				CLANG_WARN_EMPTY_BODY = YES;
				CLANG_WARN_ENUM_CONVERSION = YES;
				CLANG_WARN_INT_CONVERSION = YES;
				CLANG_WARN_OBJC_ROOT_CLASS = YES_ERROR;
				CLANG_WARN_UNREACHABLE_CODE = YES;
				CLANG_WARN__DUPLICATE_METHOD_MATCH = YES;
				COPY_PHASE_STRIP = NO;
				DEBUG_INFORMATION_FORMAT = "dwarf-with-dsym";
				ENABLE_NS_ASSERTIONS = NO;
				ENABLE_STRICT_OBJC_MSGSEND = YES;
				GCC_C_LANGUAGE_STANDARD = gnu99;
				GCC_NO_COMMON_BLOCKS = YES;
				GCC_WARN_64_TO_32_BIT_CONVERSION = YES;
				GCC_WARN_ABOUT_RETURN_TYPE = YES_ERROR;
				GCC_WARN_UNDECLARED_SELECTOR = YES;
				GCC_WARN_UNINITIALIZED_AUTOS = YES_AGGRESSIVE;
				GCC_WARN_UNUSED_FUNCTION = YES;
				GCC_WARN_UNUSED_VARIABLE = YES;
				MACOSX_DEPLOYMENT_TARGET = 10.10;
				MTL_ENABLE_DEBUG_INFO = NO;
				SDKROOT = macosx;
			};
			name = Release;
		};
		851E28AE1BAFAB7100B972EA /* Debug */ = {
			isa = XCBuildConfiguration;
			buildSettings = {
				PRODUCT_NAME = "$(TARGET_NAME)";
			};
			name = Debug;
		};
		851E28AF1BAFAB7100B972EA /* Release */ = {
			isa = XCBuildConfiguration;
			buildSettings = {
				PRODUCT_NAME = "$(TARGET_NAME)";
			};
			name = Release;
		};
/* End XCBuildConfiguration section */

/* Begin XCConfigurationList section */
		851E28A11BAFAB7100B972EA /* Build configuration list for PBXProject "day04_2组合" */ = {
			isa = XCConfigurationList;
			buildConfigurations = (
				851E28AB1BAFAB7100B972EA /* Debug */,
				851E28AC1BAFAB7100B972EA /* Release */,
			);
			defaultConfigurationIsVisible = 0;
			defaultConfigurationName = Release;
		};
		851E28AD1BAFAB7100B972EA /* Build configuration list for PBXNativeTarget "day04_2组合" */ = {
			isa = XCConfigurationList;
			buildConfigurations = (
				851E28AE1BAFAB7100B972EA /* Debug */,
				851E28AF1BAFAB7100B972EA /* Release */,
			);
			defaultConfigurationIsVisible = 0;
		};
/* End XCConfigurationList section */
	};
	rootObject = 851E289E1BAFAB7100B972EA /* Project object */;
}
