// !$*UTF8*$!
{
	archiveVersion = 1;
	classes = {
	};
	objectVersion = 46;
	objects = {

/* Begin PBXBuildFile section */
		85DB095F1BBB6E79000002A5 /* main.m in Sources */ = {isa = PBXBuildFile; fileRef = 85DB095E1BBB6E79000002A5 /* main.m */; };
		85DB09671BBB6E9F000002A5 /* TRStudent.m in Sources */ = {isa = PBXBuildFile; fileRef = 85DB09661BBB6E9F000002A5 /* TRStudent.m */; };
/* End PBXBuildFile section */

/* Begin PBXCopyFilesBuildPhase section */
		85DB09591BBB6E79000002A5 /* CopyFiles */ = {
			isa = PBXCopyFilesBuildPhase;
			buildActionMask = 2147483647;
			dstPath = /usr/share/man/man1/;
			dstSubfolderSpec = 0;
			files = (
			);
			runOnlyForDeploymentPostprocessing = 1;
		};
/* End PBXCopyFilesBuildPhase section */

/* Begin PBXFileReference section */
		85DB095B1BBB6E79000002A5 /* day10_1NSDictionary */ = {isa = PBXFileReference; explicitFileType = "compiled.mach-o.executable"; includeInIndex = 0; path = day10_1NSDictionary; sourceTree = BUILT_PRODUCTS_DIR; };
		85DB095E1BBB6E79000002A5 /* main.m */ = {isa = PBXFileReference; lastKnownFileType = sourcecode.c.objc; path = main.m; sourceTree = "<group>"; };
		85DB09651BBB6E9F000002A5 /* TRStudent.h */ = {isa = PBXFileReference; fileEncoding = 4; lastKnownFileType = sourcecode.c.h; path = TRStudent.h; sourceTree = "<group>"; };
		85DB09661BBB6E9F000002A5 /* TRStudent.m */ = {isa = PBXFileReference; fileEncoding = 4; lastKnownFileType = sourcecode.c.objc; path = TRStudent.m; sourceTree = "<group>"; };
/* End PBXFileReference section */

/* Begin PBXFrameworksBuildPhase section */
		85DB09581BBB6E79000002A5 /* Frameworks */ = {
			isa = PBXFrameworksBuildPhase;
			buildActionMask = 2147483647;
			files = (
			);
			runOnlyForDeploymentPostprocessing = 0;
		};
/* End PBXFrameworksBuildPhase section */

/* Begin PBXGroup section */
		85DB09521BBB6E79000002A5 = {
			isa = PBXGroup;
			children = (
				85DB095D1BBB6E79000002A5 /* day10_1NSDictionary */,
				85DB095C1BBB6E79000002A5 /* Products */,
			);
			sourceTree = "<group>";
		};
		85DB095C1BBB6E79000002A5 /* Products */ = {
			isa = PBXGroup;
			children = (
				85DB095B1BBB6E79000002A5 /* day10_1NSDictionary */,
			);
			name = Products;
			sourceTree = "<group>";
		};
		85DB095D1BBB6E79000002A5 /* day10_1NSDictionary */ = {
			isa = PBXGroup;
			children = (
				85DB095E1BBB6E79000002A5 /* main.m */,
				85DB09651BBB6E9F000002A5 /* TRStudent.h */,
				85DB09661BBB6E9F000002A5 /* TRStudent.m */,
			);
			path = day10_1NSDictionary;
			sourceTree = "<group>";
		};
/* End PBXGroup section */

/* Begin PBXNativeTarget section */
		85DB095A1BBB6E79000002A5 /* day10_1NSDictionary */ = {
			isa = PBXNativeTarget;
			buildConfigurationList = 85DB09621BBB6E79000002A5 /* Build configuration list for PBXNativeTarget "day10_1NSDictionary" */;
			buildPhases = (
				85DB09571BBB6E79000002A5 /* Sources */,
				85DB09581BBB6E79000002A5 /* Frameworks */,
				85DB09591BBB6E79000002A5 /* CopyFiles */,
			);
			buildRules = (
			);
			dependencies = (
			);
			name = day10_1NSDictionary;
			productName = day10_1NSDictionary;
			productReference = 85DB095B1BBB6E79000002A5 /* day10_1NSDictionary */;
			productType = "com.apple.product-type.tool";
		};
/* End PBXNativeTarget section */

/* Begin PBXProject section */
		85DB09531BBB6E79000002A5 /* Project object */ = {
			isa = PBXProject;
			attributes = {
				LastUpgradeCheck = 0640;
				ORGANIZATIONNAME = tarena;
				TargetAttributes = {
					85DB095A1BBB6E79000002A5 = {
						CreatedOnToolsVersion = 6.4;
					};
				};
			};
			buildConfigurationList = 85DB09561BBB6E79000002A5 /* Build configuration list for PBXProject "day10_1NSDictionary" */;
			compatibilityVersion = "Xcode 3.2";
			developmentRegion = English;
			hasScannedForEncodings = 0;
			knownRegions = (
				en,
			);
			mainGroup = 85DB09521BBB6E79000002A5;
			productRefGroup = 85DB095C1BBB6E79000002A5 /* Products */;
			projectDirPath = "";
			projectRoot = "";
			targets = (
				85DB095A1BBB6E79000002A5 /* day10_1NSDictionary */,
			);
		};
/* End PBXProject section */

/* Begin PBXSourcesBuildPhase section */
		85DB09571BBB6E79000002A5 /* Sources */ = {
			isa = PBXSourcesBuildPhase;
			buildActionMask = 2147483647;
			files = (
				85DB095F1BBB6E79000002A5 /* main.m in Sources */,
				85DB09671BBB6E9F000002A5 /* TRStudent.m in Sources */,
			);
			runOnlyForDeploymentPostprocessing = 0;
		};
/* End PBXSourcesBuildPhase section */

/* Begin XCBuildConfiguration section */
		85DB09601BBB6E79000002A5 /* Debug */ = {
			isa = XCBuildConfiguration;
			buildSettings = {
				ALWAYS_SEARCH_USER_PATHS = NO;
				CLANG_CXX_LANGUAGE_STANDARD = "gnu++0x";
				CLANG_CXX_LIBRARY = "libc++";
				CLANG_ENABLE_MODULES = YES;
				CLANG_ENABLE_OBJC_ARC = YES;
				CLANG_WARN_BOOL_CONVERSION = YES;
				CLANG_WARN_CONSTANT_CONVERSION = YES;
				CLANG_WARN_DIRECT_OBJC_ISA_USAGE = YES_ERROR;
				CLANG_WARN_EMPTY_BODY = YES;
				CLANG_WARN_ENUM_CONVERSION = YES;
				CLANG_WARN_INT_CONVERSION = YES;
				CLANG_WARN_OBJC_ROOT_CLASS = YES_ERROR;
				CLANG_WARN_UNREACHABLE_CODE = YES;
				CLANG_WARN__DUPLICATE_METHOD_MATCH = YES;
				COPY_PHASE_STRIP = NO;
				DEBUG_INFORMATION_FORMAT = dwarf;
				ENABLE_STRICT_OBJC_MSGSEND = YES;
				GCC_C_LANGUAGE_STANDARD = gnu99;
				GCC_DYNAMIC_NO_PIC = NO;
				GCC_NO_COMMON_BLOCKS = YES;
				GCC_OPTIMIZATION_LEVEL = 0;
				GCC_PREPROCESSOR_DEFINITIONS = (
					"DEBUG=1",
					"$(inherited)",
				);
				GCC_SYMBOLS_PRIVATE_EXTERN = NO;
				GCC_WARN_64_TO_32_BIT_CONVERSION = YES;
				GCC_WARN_ABOUT_RETURN_TYPE = YES_ERROR;
				GCC_WARN_UNDECLARED_SELECTOR = YES;
				GCC_WARN_UNINITIALIZED_AUTOS = YES_AGGRESSIVE;
				GCC_WARN_UNUSED_FUNCTION = YES;
				GCC_WARN_UNUSED_VARIABLE = YES;
				MACOSX_DEPLOYMENT_TARGET = 10.10;
				MTL_ENABLE_DEBUG_INFO = YES;
				ONLY_ACTIVE_ARCH = YES;
				SDKROOT = macosx;
			};
			name = Debug;
		};
		85DB09611BBB6E79000002A5 /* Release */ = {
			isa = XCBuildConfiguration;
			buildSettings = {
				ALWAYS_SEARCH_USER_PATHS = NO;
				CLANG_CXX_LANGUAGE_STANDARD = "gnu++0x";
				CLANG_CXX_LIBRARY = "libc++";
				CLANG_ENABLE_MODULES = YES;
				CLANG_ENABLE_OBJC_ARC = YES;
				CLANG_WARN_BOOL_CONVERSION = YES;
				CLANG_WARN_CONSTANT_CONVERSION = YES;
				CLANG_WARN_DIRECT_OBJC_ISA_USAGE = YES_ERROR;
				CLANG_WARN_EMPTY_BODY = YES;
				CLANG_WARN_ENUM_CONVERSION = YES;
				CLANG_WARN_INT_CONVERSION = YES;
				CLANG_WARN_OBJC_ROOT_CLASS = YES_ERROR;
				CLANG_WARN_UNREACHABLE_CODE = YES;
				CLANG_WARN__DUPLICATE_METHOD_MATCH = YES;
				COPY_PHASE_STRIP = NO;
				DEBUG_INFORMATION_FORMAT = "dwarf-with-dsym";
				ENABLE_NS_ASSERTIONS = NO;
				ENABLE_STRICT_OBJC_MSGSEND = YES;
				GCC_C_LANGUAGE_STANDARD = gnu99;
				GCC_NO_COMMON_BLOCKS = YES;
				GCC_WARN_64_TO_32_BIT_CONVERSION = YES;
				GCC_WARN_ABOUT_RETURN_TYPE = YES_ERROR;
				GCC_WARN_UNDECLARED_SELECTOR = YES;
				GCC_WARN_UNINITIALIZED_AUTOS = YES_AGGRESSIVE;
				GCC_WARN_UNUSED_FUNCTION = YES;
				GCC_WARN_UNUSED_VARIABLE = YES;
				MACOSX_DEPLOYMENT_TARGET = 10.10;
				MTL_ENABLE_DEBUG_INFO = NO;
				SDKROOT = macosx;
			};
			name = Release;
		};
		85DB09631BBB6E79000002A5 /* Debug */ = {
			isa = XCBuildConfiguration;
			buildSettings = {
				PRODUCT_NAME = "$(TARGET_NAME)";
			};
			name = Debug;
		};
		85DB09641BBB6E79000002A5 /* Release */ = {
			isa = XCBuildConfiguration;
			buildSettings = {
				PRODUCT_NAME = "$(TARGET_NAME)";
			};
			name = Release;
		};
/* End XCBuildConfiguration section */

/* Begin XCConfigurationList section */
		85DB09561BBB6E79000002A5 /* Build configuration list for PBXProject "day10_1NSDictionary" */ = {
			isa = XCConfigurationList;
			buildConfigurations = (
				85DB09601BBB6E79000002A5 /* Debug */,
				85DB09611BBB6E79000002A5 /* Release */,
			);
			defaultConfigurationIsVisible = 0;
			defaultConfigurationName = Release;
		};
		85DB09621BBB6E79000002A5 /* Build configuration list for PBXNativeTarget "day10_1NSDictionary" */ = {
			isa = XCConfigurationList;
			buildConfigurations = (
				85DB09631BBB6E79000002A5 /* Debug */,
				85DB09641BBB6E79000002A5 /* Release */,
			);
			defaultConfigurationIsVisible = 0;
		};
/* End XCConfigurationList section */
	};
	rootObject = 85DB09531BBB6E79000002A5 /* Project object */;
}
