// !$*UTF8*$!
{
	archiveVersion = 1;
	classes = {
	};
	objectVersion = 46;
	objects = {

/* Begin PBXBuildFile section */
		855982C31C20077900AA003B /* main.m in Sources */ = {isa = PBXBuildFile; fileRef = 855982C21C20077900AA003B /* main.m */; };
		855982C61C20077900AA003B /* AppDelegate.m in Sources */ = {isa = PBXBuildFile; fileRef = 855982C51C20077900AA003B /* AppDelegate.m */; };
		855982CE1C20077900AA003B /* Assets.xcassets in Resources */ = {isa = PBXBuildFile; fileRef = 855982CD1C20077900AA003B /* Assets.xcassets */; };
		855982D11C20077900AA003B /* LaunchScreen.storyboard in Resources */ = {isa = PBXBuildFile; fileRef = 855982CF1C20077900AA003B /* LaunchScreen.storyboard */; };
		855982DB1C2007D200AA003B /* AViewController.m in Sources */ = {isa = PBXBuildFile; fileRef = 855982D91C2007D200AA003B /* AViewController.m */; };
		855982DC1C2007D200AA003B /* AViewController.xib in Resources */ = {isa = PBXBuildFile; fileRef = 855982DA1C2007D200AA003B /* AViewController.xib */; };
		855982E01C2007DB00AA003B /* BViewController.m in Sources */ = {isa = PBXBuildFile; fileRef = 855982DE1C2007DB00AA003B /* BViewController.m */; };
		855982E11C2007DB00AA003B /* BViewController.xib in Resources */ = {isa = PBXBuildFile; fileRef = 855982DF1C2007DB00AA003B /* BViewController.xib */; };
		855982E51C2007E200AA003B /* CViewController.m in Sources */ = {isa = PBXBuildFile; fileRef = 855982E31C2007E200AA003B /* CViewController.m */; };
		855982E61C2007E200AA003B /* CViewController.xib in Resources */ = {isa = PBXBuildFile; fileRef = 855982E41C2007E200AA003B /* CViewController.xib */; };
/* End PBXBuildFile section */

/* Begin PBXFileReference section */
		855982BE1C20077900AA003B /* Demo4_TabBarController.app */ = {isa = PBXFileReference; explicitFileType = wrapper.application; includeInIndex = 0; path = Demo4_TabBarController.app; sourceTree = BUILT_PRODUCTS_DIR; };
		855982C21C20077900AA003B /* main.m */ = {isa = PBXFileReference; lastKnownFileType = sourcecode.c.objc; path = main.m; sourceTree = "<group>"; };
		855982C41C20077900AA003B /* AppDelegate.h */ = {isa = PBXFileReference; lastKnownFileType = sourcecode.c.h; path = AppDelegate.h; sourceTree = "<group>"; };
		855982C51C20077900AA003B /* AppDelegate.m */ = {isa = PBXFileReference; lastKnownFileType = sourcecode.c.objc; path = AppDelegate.m; sourceTree = "<group>"; };
		855982CD1C20077900AA003B /* Assets.xcassets */ = {isa = PBXFileReference; lastKnownFileType = folder.assetcatalog; path = Assets.xcassets; sourceTree = "<group>"; };
		855982D01C20077900AA003B /* Base */ = {isa = PBXFileReference; lastKnownFileType = file.storyboard; name = Base; path = Base.lproj/LaunchScreen.storyboard; sourceTree = "<group>"; };
		855982D21C20077900AA003B /* Info.plist */ = {isa = PBXFileReference; lastKnownFileType = text.plist.xml; path = Info.plist; sourceTree = "<group>"; };
		855982D81C2007D200AA003B /* AViewController.h */ = {isa = PBXFileReference; fileEncoding = 4; lastKnownFileType = sourcecode.c.h; path = AViewController.h; sourceTree = "<group>"; };
		855982D91C2007D200AA003B /* AViewController.m */ = {isa = PBXFileReference; fileEncoding = 4; lastKnownFileType = sourcecode.c.objc; path = AViewController.m; sourceTree = "<group>"; };
		855982DA1C2007D200AA003B /* AViewController.xib */ = {isa = PBXFileReference; fileEncoding = 4; lastKnownFileType = file.xib; path = AViewController.xib; sourceTree = "<group>"; };
		855982DD1C2007DB00AA003B /* BViewController.h */ = {isa = PBXFileReference; fileEncoding = 4; lastKnownFileType = sourcecode.c.h; path = BViewController.h; sourceTree = "<group>"; };
		855982DE1C2007DB00AA003B /* BViewController.m */ = {isa = PBXFileReference; fileEncoding = 4; lastKnownFileType = sourcecode.c.objc; path = BViewController.m; sourceTree = "<group>"; };
		855982DF1C2007DB00AA003B /* BViewController.xib */ = {isa = PBXFileReference; fileEncoding = 4; lastKnownFileType = file.xib; path = BViewController.xib; sourceTree = "<group>"; };
		855982E21C2007E200AA003B /* CViewController.h */ = {isa = PBXFileReference; fileEncoding = 4; lastKnownFileType = sourcecode.c.h; path = CViewController.h; sourceTree = "<group>"; };
		855982E31C2007E200AA003B /* CViewController.m */ = {isa = PBXFileReference; fileEncoding = 4; lastKnownFileType = sourcecode.c.objc; path = CViewController.m; sourceTree = "<group>"; };
		855982E41C2007E200AA003B /* CViewController.xib */ = {isa = PBXFileReference; fileEncoding = 4; lastKnownFileType = file.xib; path = CViewController.xib; sourceTree = "<group>"; };
/* End PBXFileReference section */

/* Begin PBXFrameworksBuildPhase section */
		855982BB1C20077900AA003B /* Frameworks */ = {
			isa = PBXFrameworksBuildPhase;
			buildActionMask = 2147483647;
			files = (
			);
			runOnlyForDeploymentPostprocessing = 0;
		};
/* End PBXFrameworksBuildPhase section */

/* Begin PBXGroup section */
		855982B51C20077900AA003B = {
			isa = PBXGroup;
			children = (
				855982C01C20077900AA003B /* Demo4_TabBarController */,
				855982BF1C20077900AA003B /* Products */,
			);
			sourceTree = "<group>";
		};
		855982BF1C20077900AA003B /* Products */ = {
			isa = PBXGroup;
			children = (
				855982BE1C20077900AA003B /* Demo4_TabBarController.app */,
			);
			name = Products;
			sourceTree = "<group>";
		};
		855982C01C20077900AA003B /* Demo4_TabBarController */ = {
			isa = PBXGroup;
			children = (
				855982C41C20077900AA003B /* AppDelegate.h */,
				855982C51C20077900AA003B /* AppDelegate.m */,
				855982D81C2007D200AA003B /* AViewController.h */,
				855982D91C2007D200AA003B /* AViewController.m */,
				855982DA1C2007D200AA003B /* AViewController.xib */,
				855982DD1C2007DB00AA003B /* BViewController.h */,
				855982DE1C2007DB00AA003B /* BViewController.m */,
				855982DF1C2007DB00AA003B /* BViewController.xib */,
				855982E21C2007E200AA003B /* CViewController.h */,
				855982E31C2007E200AA003B /* CViewController.m */,
				855982E41C2007E200AA003B /* CViewController.xib */,
				855982CD1C20077900AA003B /* Assets.xcassets */,
				855982CF1C20077900AA003B /* LaunchScreen.storyboard */,
				855982D21C20077900AA003B /* Info.plist */,
				855982C11C20077900AA003B /* Supporting Files */,
			);
			path = Demo4_TabBarController;
			sourceTree = "<group>";
		};
		855982C11C20077900AA003B /* Supporting Files */ = {
			isa = PBXGroup;
			children = (
				855982C21C20077900AA003B /* main.m */,
			);
			name = "Supporting Files";
			sourceTree = "<group>";
		};
/* End PBXGroup section */

/* Begin PBXNativeTarget section */
		855982BD1C20077900AA003B /* Demo4_TabBarController */ = {
			isa = PBXNativeTarget;
			buildConfigurationList = 855982D51C20077900AA003B /* Build configuration list for PBXNativeTarget "Demo4_TabBarController" */;
			buildPhases = (
				855982BA1C20077900AA003B /* Sources */,
				855982BB1C20077900AA003B /* Frameworks */,
				855982BC1C20077900AA003B /* Resources */,
			);
			buildRules = (
			);
			dependencies = (
			);
			name = Demo4_TabBarController;
			productName = Demo4_TabBarController;
			productReference = 855982BE1C20077900AA003B /* Demo4_TabBarController.app */;
			productType = "com.apple.product-type.application";
		};
/* End PBXNativeTarget section */

/* Begin PBXProject section */
		855982B61C20077900AA003B /* Project object */ = {
			isa = PBXProject;
			attributes = {
				LastUpgradeCheck = 0710;
				ORGANIZATIONNAME = Tarena;
				TargetAttributes = {
					855982BD1C20077900AA003B = {
						CreatedOnToolsVersion = 7.1;
					};
				};
			};
			buildConfigurationList = 855982B91C20077900AA003B /* Build configuration list for PBXProject "Demo4_TabBarController" */;
			compatibilityVersion = "Xcode 3.2";
			developmentRegion = English;
			hasScannedForEncodings = 0;
			knownRegions = (
				en,
				Base,
			);
			mainGroup = 855982B51C20077900AA003B;
			productRefGroup = 855982BF1C20077900AA003B /* Products */;
			projectDirPath = "";
			projectRoot = "";
			targets = (
				855982BD1C20077900AA003B /* Demo4_TabBarController */,
			);
		};
/* End PBXProject section */

/* Begin PBXResourcesBuildPhase section */
		855982BC1C20077900AA003B /* Resources */ = {
			isa = PBXResourcesBuildPhase;
			buildActionMask = 2147483647;
			files = (
				855982E61C2007E200AA003B /* CViewController.xib in Resources */,
				855982DC1C2007D200AA003B /* AViewController.xib in Resources */,
				855982E11C2007DB00AA003B /* BViewController.xib in Resources */,
				855982D11C20077900AA003B /* LaunchScreen.storyboard in Resources */,
				855982CE1C20077900AA003B /* Assets.xcassets in Resources */,
			);
			runOnlyForDeploymentPostprocessing = 0;
		};
/* End PBXResourcesBuildPhase section */

/* Begin PBXSourcesBuildPhase section */
		855982BA1C20077900AA003B /* Sources */ = {
			isa = PBXSourcesBuildPhase;
			buildActionMask = 2147483647;
			files = (
				855982E51C2007E200AA003B /* CViewController.m in Sources */,
				855982DB1C2007D200AA003B /* AViewController.m in Sources */,
				855982E01C2007DB00AA003B /* BViewController.m in Sources */,
				855982C61C20077900AA003B /* AppDelegate.m in Sources */,
				855982C31C20077900AA003B /* main.m in Sources */,
			);
			runOnlyForDeploymentPostprocessing = 0;
		};
/* End PBXSourcesBuildPhase section */

/* Begin PBXVariantGroup section */
		855982CF1C20077900AA003B /* LaunchScreen.storyboard */ = {
			isa = PBXVariantGroup;
			children = (
				855982D01C20077900AA003B /* Base */,
			);
			name = LaunchScreen.storyboard;
			sourceTree = "<group>";
		};
/* End PBXVariantGroup section */

/* Begin XCBuildConfiguration section */
		855982D31C20077900AA003B /* Debug */ = {
			isa = XCBuildConfiguration;
			buildSettings = {
				ALWAYS_SEARCH_USER_PATHS = NO;
				CLANG_CXX_LANGUAGE_STANDARD = "gnu++0x";
				CLANG_CXX_LIBRARY = "libc++";
				CLANG_ENABLE_MODULES = YES;
				CLANG_ENABLE_OBJC_ARC = YES;
				CLANG_WARN_BOOL_CONVERSION = YES;
				CLANG_WARN_CONSTANT_CONVERSION = YES;
				CLANG_WARN_DIRECT_OBJC_ISA_USAGE = YES_ERROR;
				CLANG_WARN_EMPTY_BODY = YES;
				CLANG_WARN_ENUM_CONVERSION = YES;
				CLANG_WARN_INT_CONVERSION = YES;
				CLANG_WARN_OBJC_ROOT_CLASS = YES_ERROR;
				CLANG_WARN_UNREACHABLE_CODE = YES;
				CLANG_WARN__DUPLICATE_METHOD_MATCH = YES;
				"CODE_SIGN_IDENTITY[sdk=iphoneos*]" = "iPhone Developer";
				COPY_PHASE_STRIP = NO;
				DEBUG_INFORMATION_FORMAT = dwarf;
				ENABLE_STRICT_OBJC_MSGSEND = YES;
				ENABLE_TESTABILITY = YES;
				GCC_C_LANGUAGE_STANDARD = gnu99;
				GCC_DYNAMIC_NO_PIC = NO;
				GCC_NO_COMMON_BLOCKS = YES;
				GCC_OPTIMIZATION_LEVEL = 0;
				GCC_PREPROCESSOR_DEFINITIONS = (
					"DEBUG=1",
					"$(inherited)",
				);
				GCC_WARN_64_TO_32_BIT_CONVERSION = YES;
				GCC_WARN_ABOUT_RETURN_TYPE = YES_ERROR;
				GCC_WARN_UNDECLARED_SELECTOR = YES;
				GCC_WARN_UNINITIALIZED_AUTOS = YES_AGGRESSIVE;
				GCC_WARN_UNUSED_FUNCTION = YES;
				GCC_WARN_UNUSED_VARIABLE = YES;
				IPHONEOS_DEPLOYMENT_TARGET = 9.1;
				MTL_ENABLE_DEBUG_INFO = YES;
				ONLY_ACTIVE_ARCH = YES;
				SDKROOT = iphoneos;
			};
			name = Debug;
		};
		855982D41C20077900AA003B /* Release */ = {
			isa = XCBuildConfiguration;
			buildSettings = {
				ALWAYS_SEARCH_USER_PATHS = NO;
				CLANG_CXX_LANGUAGE_STANDARD = "gnu++0x";
				CLANG_CXX_LIBRARY = "libc++";
				CLANG_ENABLE_MODULES = YES;
				CLANG_ENABLE_OBJC_ARC = YES;
				CLANG_WARN_BOOL_CONVERSION = YES;
				CLANG_WARN_CONSTANT_CONVERSION = YES;
				CLANG_WARN_DIRECT_OBJC_ISA_USAGE = YES_ERROR;
				CLANG_WARN_EMPTY_BODY = YES;
				CLANG_WARN_ENUM_CONVERSION = YES;
				CLANG_WARN_INT_CONVERSION = YES;
				CLANG_WARN_OBJC_ROOT_CLASS = YES_ERROR;
				CLANG_WARN_UNREACHABLE_CODE = YES;
				CLANG_WARN__DUPLICATE_METHOD_MATCH = YES;
				"CODE_SIGN_IDENTITY[sdk=iphoneos*]" = "iPhone Developer";
				COPY_PHASE_STRIP = NO;
				DEBUG_INFORMATION_FORMAT = "dwarf-with-dsym";
				ENABLE_NS_ASSERTIONS = NO;
				ENABLE_STRICT_OBJC_MSGSEND = YES;
				GCC_C_LANGUAGE_STANDARD = gnu99;
				GCC_NO_COMMON_BLOCKS = YES;
				GCC_WARN_64_TO_32_BIT_CONVERSION = YES;
				GCC_WARN_ABOUT_RETURN_TYPE = YES_ERROR;
				GCC_WARN_UNDECLARED_SELECTOR = YES;
				GCC_WARN_UNINITIALIZED_AUTOS = YES_AGGRESSIVE;
				GCC_WARN_UNUSED_FUNCTION = YES;
				GCC_WARN_UNUSED_VARIABLE = YES;
				IPHONEOS_DEPLOYMENT_TARGET = 9.1;
				MTL_ENABLE_DEBUG_INFO = NO;
				SDKROOT = iphoneos;
				VALIDATE_PRODUCT = YES;
			};
			name = Release;
		};
		855982D61C20077900AA003B /* Debug */ = {
			isa = XCBuildConfiguration;
			buildSettings = {
				ASSETCATALOG_COMPILER_APPICON_NAME = AppIcon;
				INFOPLIST_FILE = Demo4_TabBarController/Info.plist;
				LD_RUNPATH_SEARCH_PATHS = "$(inherited) @executable_path/Frameworks";
				PRODUCT_BUNDLE_IDENTIFIER = "cn.tedu.Demo4-TabBarController";
				PRODUCT_NAME = "$(TARGET_NAME)";
			};
			name = Debug;
		};
		855982D71C20077900AA003B /* Release */ = {
			isa = XCBuildConfiguration;
			buildSettings = {
				ASSETCATALOG_COMPILER_APPICON_NAME = AppIcon;
				INFOPLIST_FILE = Demo4_TabBarController/Info.plist;
				LD_RUNPATH_SEARCH_PATHS = "$(inherited) @executable_path/Frameworks";
				PRODUCT_BUNDLE_IDENTIFIER = "cn.tedu.Demo4-TabBarController";
				PRODUCT_NAME = "$(TARGET_NAME)";
			};
			name = Release;
		};
/* End XCBuildConfiguration section */

/* Begin XCConfigurationList section */
		855982B91C20077900AA003B /* Build configuration list for PBXProject "Demo4_TabBarController" */ = {
			isa = XCConfigurationList;
			buildConfigurations = (
				855982D31C20077900AA003B /* Debug */,
				855982D41C20077900AA003B /* Release */,
			);
			defaultConfigurationIsVisible = 0;
			defaultConfigurationName = Release;
		};
		855982D51C20077900AA003B /* Build configuration list for PBXNativeTarget "Demo4_TabBarController" */ = {
			isa = XCConfigurationList;
			buildConfigurations = (
				855982D61C20077900AA003B /* Debug */,
				855982D71C20077900AA003B /* Release */,
			);
			defaultConfigurationIsVisible = 0;
		};
/* End XCConfigurationList section */
	};
	rootObject = 855982B61C20077900AA003B /* Project object */;
}
