// !$*UTF8*$!
{
	archiveVersion = 1;
	classes = {
	};
	objectVersion = 46;
	objects = {

/* Begin PBXBuildFile section */
		8573FEBF1C0C1F3300200D4C /* main.m in Sources */ = {isa = PBXBuildFile; fileRef = 8573FEBE1C0C1F3300200D4C /* main.m */; };
		8573FEC21C0C1F3300200D4C /* AppDelegate.m in Sources */ = {isa = PBXBuildFile; fileRef = 8573FEC11C0C1F3300200D4C /* AppDelegate.m */; };
		8573FECA1C0C1F3300200D4C /* Assets.xcassets in Resources */ = {isa = PBXBuildFile; fileRef = 8573FEC91C0C1F3300200D4C /* Assets.xcassets */; };
		8573FECD1C0C1F3300200D4C /* LaunchScreen.storyboard in Resources */ = {isa = PBXBuildFile; fileRef = 8573FECB1C0C1F3300200D4C /* LaunchScreen.storyboard */; };
		8573FED61C0C20A100200D4C /* MyViewController.m in Sources */ = {isa = PBXBuildFile; fileRef = 8573FED51C0C20A100200D4C /* MyViewController.m */; };
/* End PBXBuildFile section */

/* Begin PBXFileReference section */
		8573FEBA1C0C1F3300200D4C /* Demo2_HelloWorld_自定义控制器.app */ = {isa = PBXFileReference; explicitFileType = wrapper.application; includeInIndex = 0; path = "Demo2_HelloWorld_自定义控制器.app"; sourceTree = BUILT_PRODUCTS_DIR; };
		8573FEBE1C0C1F3300200D4C /* main.m */ = {isa = PBXFileReference; lastKnownFileType = sourcecode.c.objc; path = main.m; sourceTree = "<group>"; };
		8573FEC01C0C1F3300200D4C /* AppDelegate.h */ = {isa = PBXFileReference; lastKnownFileType = sourcecode.c.h; path = AppDelegate.h; sourceTree = "<group>"; };
		8573FEC11C0C1F3300200D4C /* AppDelegate.m */ = {isa = PBXFileReference; lastKnownFileType = sourcecode.c.objc; path = AppDelegate.m; sourceTree = "<group>"; };
		8573FEC91C0C1F3300200D4C /* Assets.xcassets */ = {isa = PBXFileReference; lastKnownFileType = folder.assetcatalog; path = Assets.xcassets; sourceTree = "<group>"; };
		8573FECC1C0C1F3300200D4C /* Base */ = {isa = PBXFileReference; lastKnownFileType = file.storyboard; name = Base; path = Base.lproj/LaunchScreen.storyboard; sourceTree = "<group>"; };
		8573FECE1C0C1F3300200D4C /* Info.plist */ = {isa = PBXFileReference; lastKnownFileType = text.plist.xml; path = Info.plist; sourceTree = "<group>"; };
		8573FED41C0C20A100200D4C /* MyViewController.h */ = {isa = PBXFileReference; fileEncoding = 4; lastKnownFileType = sourcecode.c.h; path = MyViewController.h; sourceTree = "<group>"; };
		8573FED51C0C20A100200D4C /* MyViewController.m */ = {isa = PBXFileReference; fileEncoding = 4; lastKnownFileType = sourcecode.c.objc; path = MyViewController.m; sourceTree = "<group>"; };
/* End PBXFileReference section */

/* Begin PBXFrameworksBuildPhase section */
		8573FEB71C0C1F3300200D4C /* Frameworks */ = {
			isa = PBXFrameworksBuildPhase;
			buildActionMask = 2147483647;
			files = (
			);
			runOnlyForDeploymentPostprocessing = 0;
		};
/* End PBXFrameworksBuildPhase section */

/* Begin PBXGroup section */
		8573FEB11C0C1F3300200D4C = {
			isa = PBXGroup;
			children = (
				8573FEBC1C0C1F3300200D4C /* Demo2_HelloWorld_自定义控制器 */,
				8573FEBB1C0C1F3300200D4C /* Products */,
			);
			sourceTree = "<group>";
		};
		8573FEBB1C0C1F3300200D4C /* Products */ = {
			isa = PBXGroup;
			children = (
				8573FEBA1C0C1F3300200D4C /* Demo2_HelloWorld_自定义控制器.app */,
			);
			name = Products;
			sourceTree = "<group>";
		};
		8573FEBC1C0C1F3300200D4C /* Demo2_HelloWorld_自定义控制器 */ = {
			isa = PBXGroup;
			children = (
				8573FEC01C0C1F3300200D4C /* AppDelegate.h */,
				8573FEC11C0C1F3300200D4C /* AppDelegate.m */,
				8573FED41C0C20A100200D4C /* MyViewController.h */,
				8573FED51C0C20A100200D4C /* MyViewController.m */,
				8573FEC91C0C1F3300200D4C /* Assets.xcassets */,
				8573FECB1C0C1F3300200D4C /* LaunchScreen.storyboard */,
				8573FECE1C0C1F3300200D4C /* Info.plist */,
				8573FEBD1C0C1F3300200D4C /* Supporting Files */,
			);
			path = "Demo2_HelloWorld_自定义控制器";
			sourceTree = "<group>";
		};
		8573FEBD1C0C1F3300200D4C /* Supporting Files */ = {
			isa = PBXGroup;
			children = (
				8573FEBE1C0C1F3300200D4C /* main.m */,
			);
			name = "Supporting Files";
			sourceTree = "<group>";
		};
/* End PBXGroup section */

/* Begin PBXNativeTarget section */
		8573FEB91C0C1F3300200D4C /* Demo2_HelloWorld_自定义控制器 */ = {
			isa = PBXNativeTarget;
			buildConfigurationList = 8573FED11C0C1F3300200D4C /* Build configuration list for PBXNativeTarget "Demo2_HelloWorld_自定义控制器" */;
			buildPhases = (
				8573FEB61C0C1F3300200D4C /* Sources */,
				8573FEB71C0C1F3300200D4C /* Frameworks */,
				8573FEB81C0C1F3300200D4C /* Resources */,
			);
			buildRules = (
			);
			dependencies = (
			);
			name = "Demo2_HelloWorld_自定义控制器";
			productName = "Demo2_HelloWorld_自定义控制器";
			productReference = 8573FEBA1C0C1F3300200D4C /* Demo2_HelloWorld_自定义控制器.app */;
			productType = "com.apple.product-type.application";
		};
/* End PBXNativeTarget section */

/* Begin PBXProject section */
		8573FEB21C0C1F3300200D4C /* Project object */ = {
			isa = PBXProject;
			attributes = {
				LastUpgradeCheck = 0710;
				ORGANIZATIONNAME = Tarena;
				TargetAttributes = {
					8573FEB91C0C1F3300200D4C = {
						CreatedOnToolsVersion = 7.1;
					};
				};
			};
			buildConfigurationList = 8573FEB51C0C1F3300200D4C /* Build configuration list for PBXProject "Demo2_HelloWorld_自定义控制器" */;
			compatibilityVersion = "Xcode 3.2";
			developmentRegion = English;
			hasScannedForEncodings = 0;
			knownRegions = (
				en,
				Base,
			);
			mainGroup = 8573FEB11C0C1F3300200D4C;
			productRefGroup = 8573FEBB1C0C1F3300200D4C /* Products */;
			projectDirPath = "";
			projectRoot = "";
			targets = (
				8573FEB91C0C1F3300200D4C /* Demo2_HelloWorld_自定义控制器 */,
			);
		};
/* End PBXProject section */

/* Begin PBXResourcesBuildPhase section */
		8573FEB81C0C1F3300200D4C /* Resources */ = {
			isa = PBXResourcesBuildPhase;
			buildActionMask = 2147483647;
			files = (
				8573FECD1C0C1F3300200D4C /* LaunchScreen.storyboard in Resources */,
				8573FECA1C0C1F3300200D4C /* Assets.xcassets in Resources */,
			);
			runOnlyForDeploymentPostprocessing = 0;
		};
/* End PBXResourcesBuildPhase section */

/* Begin PBXSourcesBuildPhase section */
		8573FEB61C0C1F3300200D4C /* Sources */ = {
			isa = PBXSourcesBuildPhase;
			buildActionMask = 2147483647;
			files = (
				8573FED61C0C20A100200D4C /* MyViewController.m in Sources */,
				8573FEC21C0C1F3300200D4C /* AppDelegate.m in Sources */,
				8573FEBF1C0C1F3300200D4C /* main.m in Sources */,
			);
			runOnlyForDeploymentPostprocessing = 0;
		};
/* End PBXSourcesBuildPhase section */

/* Begin PBXVariantGroup section */
		8573FECB1C0C1F3300200D4C /* LaunchScreen.storyboard */ = {
			isa = PBXVariantGroup;
			children = (
				8573FECC1C0C1F3300200D4C /* Base */,
			);
			name = LaunchScreen.storyboard;
			sourceTree = "<group>";
		};
/* End PBXVariantGroup section */

/* Begin XCBuildConfiguration section */
		8573FECF1C0C1F3300200D4C /* Debug */ = {
			isa = XCBuildConfiguration;
			buildSettings = {
				ALWAYS_SEARCH_USER_PATHS = NO;
				CLANG_CXX_LANGUAGE_STANDARD = "gnu++0x";
				CLANG_CXX_LIBRARY = "libc++";
				CLANG_ENABLE_MODULES = YES;
				CLANG_ENABLE_OBJC_ARC = YES;
				CLANG_WARN_BOOL_CONVERSION = YES;
				CLANG_WARN_CONSTANT_CONVERSION = YES;
				CLANG_WARN_DIRECT_OBJC_ISA_USAGE = YES_ERROR;
				CLANG_WARN_EMPTY_BODY = YES;
				CLANG_WARN_ENUM_CONVERSION = YES;
				CLANG_WARN_INT_CONVERSION = YES;
				CLANG_WARN_OBJC_ROOT_CLASS = YES_ERROR;
				CLANG_WARN_UNREACHABLE_CODE = YES;
				CLANG_WARN__DUPLICATE_METHOD_MATCH = YES;
				"CODE_SIGN_IDENTITY[sdk=iphoneos*]" = "iPhone Developer";
				COPY_PHASE_STRIP = NO;
				DEBUG_INFORMATION_FORMAT = dwarf;
				ENABLE_STRICT_OBJC_MSGSEND = YES;
				ENABLE_TESTABILITY = YES;
				GCC_C_LANGUAGE_STANDARD = gnu99;
				GCC_DYNAMIC_NO_PIC = NO;
				GCC_NO_COMMON_BLOCKS = YES;
				GCC_OPTIMIZATION_LEVEL = 0;
				GCC_PREPROCESSOR_DEFINITIONS = (
					"DEBUG=1",
					"$(inherited)",
				);
				GCC_WARN_64_TO_32_BIT_CONVERSION = YES;
				GCC_WARN_ABOUT_RETURN_TYPE = YES_ERROR;
				GCC_WARN_UNDECLARED_SELECTOR = YES;
				GCC_WARN_UNINITIALIZED_AUTOS = YES_AGGRESSIVE;
				GCC_WARN_UNUSED_FUNCTION = YES;
				GCC_WARN_UNUSED_VARIABLE = YES;
				IPHONEOS_DEPLOYMENT_TARGET = 9.1;
				MTL_ENABLE_DEBUG_INFO = YES;
				ONLY_ACTIVE_ARCH = YES;
				SDKROOT = iphoneos;
			};
			name = Debug;
		};
		8573FED01C0C1F3300200D4C /* Release */ = {
			isa = XCBuildConfiguration;
			buildSettings = {
				ALWAYS_SEARCH_USER_PATHS = NO;
				CLANG_CXX_LANGUAGE_STANDARD = "gnu++0x";
				CLANG_CXX_LIBRARY = "libc++";
				CLANG_ENABLE_MODULES = YES;
				CLANG_ENABLE_OBJC_ARC = YES;
				CLANG_WARN_BOOL_CONVERSION = YES;
				CLANG_WARN_CONSTANT_CONVERSION = YES;
				CLANG_WARN_DIRECT_OBJC_ISA_USAGE = YES_ERROR;
				CLANG_WARN_EMPTY_BODY = YES;
				CLANG_WARN_ENUM_CONVERSION = YES;
				CLANG_WARN_INT_CONVERSION = YES;
				CLANG_WARN_OBJC_ROOT_CLASS = YES_ERROR;
				CLANG_WARN_UNREACHABLE_CODE = YES;
				CLANG_WARN__DUPLICATE_METHOD_MATCH = YES;
				"CODE_SIGN_IDENTITY[sdk=iphoneos*]" = "iPhone Developer";
				COPY_PHASE_STRIP = NO;
				DEBUG_INFORMATION_FORMAT = "dwarf-with-dsym";
				ENABLE_NS_ASSERTIONS = NO;
				ENABLE_STRICT_OBJC_MSGSEND = YES;
				GCC_C_LANGUAGE_STANDARD = gnu99;
				GCC_NO_COMMON_BLOCKS = YES;
				GCC_WARN_64_TO_32_BIT_CONVERSION = YES;
				GCC_WARN_ABOUT_RETURN_TYPE = YES_ERROR;
				GCC_WARN_UNDECLARED_SELECTOR = YES;
				GCC_WARN_UNINITIALIZED_AUTOS = YES_AGGRESSIVE;
				GCC_WARN_UNUSED_FUNCTION = YES;
				GCC_WARN_UNUSED_VARIABLE = YES;
				IPHONEOS_DEPLOYMENT_TARGET = 9.1;
				MTL_ENABLE_DEBUG_INFO = NO;
				SDKROOT = iphoneos;
				VALIDATE_PRODUCT = YES;
			};
			name = Release;
		};
		8573FED21C0C1F3300200D4C /* Debug */ = {
			isa = XCBuildConfiguration;
			buildSettings = {
				ASSETCATALOG_COMPILER_APPICON_NAME = AppIcon;
				INFOPLIST_FILE = "Demo2_HelloWorld_自定义控制器/Info.plist";
				LD_RUNPATH_SEARCH_PATHS = "$(inherited) @executable_path/Frameworks";
				PRODUCT_BUNDLE_IDENTIFIER = "cn.tedu.Demo2-HelloWorld-------";
				PRODUCT_NAME = "$(TARGET_NAME)";
			};
			name = Debug;
		};
		8573FED31C0C1F3300200D4C /* Release */ = {
			isa = XCBuildConfiguration;
			buildSettings = {
				ASSETCATALOG_COMPILER_APPICON_NAME = AppIcon;
				INFOPLIST_FILE = "Demo2_HelloWorld_自定义控制器/Info.plist";
				LD_RUNPATH_SEARCH_PATHS = "$(inherited) @executable_path/Frameworks";
				PRODUCT_BUNDLE_IDENTIFIER = "cn.tedu.Demo2-HelloWorld-------";
				PRODUCT_NAME = "$(TARGET_NAME)";
			};
			name = Release;
		};
/* End XCBuildConfiguration section */

/* Begin XCConfigurationList section */
		8573FEB51C0C1F3300200D4C /* Build configuration list for PBXProject "Demo2_HelloWorld_自定义控制器" */ = {
			isa = XCConfigurationList;
			buildConfigurations = (
				8573FECF1C0C1F3300200D4C /* Debug */,
				8573FED01C0C1F3300200D4C /* Release */,
			);
			defaultConfigurationIsVisible = 0;
			defaultConfigurationName = Release;
		};
		8573FED11C0C1F3300200D4C /* Build configuration list for PBXNativeTarget "Demo2_HelloWorld_自定义控制器" */ = {
			isa = XCConfigurationList;
			buildConfigurations = (
				8573FED21C0C1F3300200D4C /* Debug */,
				8573FED31C0C1F3300200D4C /* Release */,
			);
			defaultConfigurationIsVisible = 0;
		};
/* End XCConfigurationList section */
	};
	rootObject = 8573FEB21C0C1F3300200D4C /* Project object */;
}
