// !$*UTF8*$!
{
	archiveVersion = 1;
	classes = {
	};
	objectVersion = 46;
	objects = {

/* Begin PBXBuildFile section */
		8553B2F31C32602900EC6BC2 /* main.m in Sources */ = {isa = PBXBuildFile; fileRef = 8553B2F21C32602900EC6BC2 /* main.m */; };
		8553B2FB1C32609900EC6BC2 /* Company.m in Sources */ = {isa = PBXBuildFile; fileRef = 8553B2FA1C32609900EC6BC2 /* Company.m */; };
		8553B2FE1C32625800EC6BC2 /* VIP.m in Sources */ = {isa = PBXBuildFile; fileRef = 8553B2FD1C32625800EC6BC2 /* VIP.m */; };
/* End PBXBuildFile section */

/* Begin PBXCopyFilesBuildPhase section */
		8553B2ED1C32602900EC6BC2 /* CopyFiles */ = {
			isa = PBXCopyFilesBuildPhase;
			buildActionMask = 2147483647;
			dstPath = /usr/share/man/man1/;
			dstSubfolderSpec = 0;
			files = (
			);
			runOnlyForDeploymentPostprocessing = 1;
		};
/* End PBXCopyFilesBuildPhase section */

/* Begin PBXFileReference section */
		8553B2EF1C32602900EC6BC2 /* Demo4_测试通知 */ = {isa = PBXFileReference; explicitFileType = "compiled.mach-o.executable"; includeInIndex = 0; path = "Demo4_测试通知"; sourceTree = BUILT_PRODUCTS_DIR; };
		8553B2F21C32602900EC6BC2 /* main.m */ = {isa = PBXFileReference; lastKnownFileType = sourcecode.c.objc; path = main.m; sourceTree = "<group>"; };
		8553B2F91C32609900EC6BC2 /* Company.h */ = {isa = PBXFileReference; fileEncoding = 4; lastKnownFileType = sourcecode.c.h; path = Company.h; sourceTree = "<group>"; };
		8553B2FA1C32609900EC6BC2 /* Company.m */ = {isa = PBXFileReference; fileEncoding = 4; lastKnownFileType = sourcecode.c.objc; path = Company.m; sourceTree = "<group>"; };
		8553B2FC1C32625800EC6BC2 /* VIP.h */ = {isa = PBXFileReference; fileEncoding = 4; lastKnownFileType = sourcecode.c.h; path = VIP.h; sourceTree = "<group>"; };
		8553B2FD1C32625800EC6BC2 /* VIP.m */ = {isa = PBXFileReference; fileEncoding = 4; lastKnownFileType = sourcecode.c.objc; path = VIP.m; sourceTree = "<group>"; };
/* End PBXFileReference section */

/* Begin PBXFrameworksBuildPhase section */
		8553B2EC1C32602900EC6BC2 /* Frameworks */ = {
			isa = PBXFrameworksBuildPhase;
			buildActionMask = 2147483647;
			files = (
			);
			runOnlyForDeploymentPostprocessing = 0;
		};
/* End PBXFrameworksBuildPhase section */

/* Begin PBXGroup section */
		8553B2E61C32602900EC6BC2 = {
			isa = PBXGroup;
			children = (
				8553B2F11C32602900EC6BC2 /* Demo4_测试通知 */,
				8553B2F01C32602900EC6BC2 /* Products */,
			);
			sourceTree = "<group>";
		};
		8553B2F01C32602900EC6BC2 /* Products */ = {
			isa = PBXGroup;
			children = (
				8553B2EF1C32602900EC6BC2 /* Demo4_测试通知 */,
			);
			name = Products;
			sourceTree = "<group>";
		};
		8553B2F11C32602900EC6BC2 /* Demo4_测试通知 */ = {
			isa = PBXGroup;
			children = (
				8553B2F21C32602900EC6BC2 /* main.m */,
				8553B2F91C32609900EC6BC2 /* Company.h */,
				8553B2FA1C32609900EC6BC2 /* Company.m */,
				8553B2FC1C32625800EC6BC2 /* VIP.h */,
				8553B2FD1C32625800EC6BC2 /* VIP.m */,
			);
			path = "Demo4_测试通知";
			sourceTree = "<group>";
		};
/* End PBXGroup section */

/* Begin PBXNativeTarget section */
		8553B2EE1C32602900EC6BC2 /* Demo4_测试通知 */ = {
			isa = PBXNativeTarget;
			buildConfigurationList = 8553B2F61C32602900EC6BC2 /* Build configuration list for PBXNativeTarget "Demo4_测试通知" */;
			buildPhases = (
				8553B2EB1C32602900EC6BC2 /* Sources */,
				8553B2EC1C32602900EC6BC2 /* Frameworks */,
				8553B2ED1C32602900EC6BC2 /* CopyFiles */,
			);
			buildRules = (
			);
			dependencies = (
			);
			name = "Demo4_测试通知";
			productName = "Demo4_测试通知";
			productReference = 8553B2EF1C32602900EC6BC2 /* Demo4_测试通知 */;
			productType = "com.apple.product-type.tool";
		};
/* End PBXNativeTarget section */

/* Begin PBXProject section */
		8553B2E71C32602900EC6BC2 /* Project object */ = {
			isa = PBXProject;
			attributes = {
				LastUpgradeCheck = 0710;
				ORGANIZATIONNAME = Tarena;
				TargetAttributes = {
					8553B2EE1C32602900EC6BC2 = {
						CreatedOnToolsVersion = 7.1;
					};
				};
			};
			buildConfigurationList = 8553B2EA1C32602900EC6BC2 /* Build configuration list for PBXProject "Demo4_测试通知" */;
			compatibilityVersion = "Xcode 3.2";
			developmentRegion = English;
			hasScannedForEncodings = 0;
			knownRegions = (
				en,
			);
			mainGroup = 8553B2E61C32602900EC6BC2;
			productRefGroup = 8553B2F01C32602900EC6BC2 /* Products */;
			projectDirPath = "";
			projectRoot = "";
			targets = (
				8553B2EE1C32602900EC6BC2 /* Demo4_测试通知 */,
			);
		};
/* End PBXProject section */

/* Begin PBXSourcesBuildPhase section */
		8553B2EB1C32602900EC6BC2 /* Sources */ = {
			isa = PBXSourcesBuildPhase;
			buildActionMask = 2147483647;
			files = (
				8553B2FE1C32625800EC6BC2 /* VIP.m in Sources */,
				8553B2F31C32602900EC6BC2 /* main.m in Sources */,
				8553B2FB1C32609900EC6BC2 /* Company.m in Sources */,
			);
			runOnlyForDeploymentPostprocessing = 0;
		};
/* End PBXSourcesBuildPhase section */

/* Begin XCBuildConfiguration section */
		8553B2F41C32602900EC6BC2 /* Debug */ = {
			isa = XCBuildConfiguration;
			buildSettings = {
				ALWAYS_SEARCH_USER_PATHS = NO;
				CLANG_CXX_LANGUAGE_STANDARD = "gnu++0x";
				CLANG_CXX_LIBRARY = "libc++";
				CLANG_ENABLE_MODULES = YES;
				CLANG_ENABLE_OBJC_ARC = YES;
				CLANG_WARN_BOOL_CONVERSION = YES;
				CLANG_WARN_CONSTANT_CONVERSION = YES;
				CLANG_WARN_DIRECT_OBJC_ISA_USAGE = YES_ERROR;
				CLANG_WARN_EMPTY_BODY = YES;
				CLANG_WARN_ENUM_CONVERSION = YES;
				CLANG_WARN_INT_CONVERSION = YES;
				CLANG_WARN_OBJC_ROOT_CLASS = YES_ERROR;
				CLANG_WARN_UNREACHABLE_CODE = YES;
				CLANG_WARN__DUPLICATE_METHOD_MATCH = YES;
				CODE_SIGN_IDENTITY = "-";
				COPY_PHASE_STRIP = NO;
				DEBUG_INFORMATION_FORMAT = dwarf;
				ENABLE_STRICT_OBJC_MSGSEND = YES;
				ENABLE_TESTABILITY = YES;
				GCC_C_LANGUAGE_STANDARD = gnu99;
				GCC_DYNAMIC_NO_PIC = NO;
				GCC_NO_COMMON_BLOCKS = YES;
				GCC_OPTIMIZATION_LEVEL = 0;
				GCC_PREPROCESSOR_DEFINITIONS = (
					"DEBUG=1",
					"$(inherited)",
				);
				GCC_WARN_64_TO_32_BIT_CONVERSION = YES;
				GCC_WARN_ABOUT_RETURN_TYPE = YES_ERROR;
				GCC_WARN_UNDECLARED_SELECTOR = YES;
				GCC_WARN_UNINITIALIZED_AUTOS = YES_AGGRESSIVE;
				GCC_WARN_UNUSED_FUNCTION = YES;
				GCC_WARN_UNUSED_VARIABLE = YES;
				MACOSX_DEPLOYMENT_TARGET = 10.11;
				MTL_ENABLE_DEBUG_INFO = YES;
				ONLY_ACTIVE_ARCH = YES;
				SDKROOT = macosx;
			};
			name = Debug;
		};
		8553B2F51C32602900EC6BC2 /* Release */ = {
			isa = XCBuildConfiguration;
			buildSettings = {
				ALWAYS_SEARCH_USER_PATHS = NO;
				CLANG_CXX_LANGUAGE_STANDARD = "gnu++0x";
				CLANG_CXX_LIBRARY = "libc++";
				CLANG_ENABLE_MODULES = YES;
				CLANG_ENABLE_OBJC_ARC = YES;
				CLANG_WARN_BOOL_CONVERSION = YES;
				CLANG_WARN_CONSTANT_CONVERSION = YES;
				CLANG_WARN_DIRECT_OBJC_ISA_USAGE = YES_ERROR;
				CLANG_WARN_EMPTY_BODY = YES;
				CLANG_WARN_ENUM_CONVERSION = YES;
				CLANG_WARN_INT_CONVERSION = YES;
				CLANG_WARN_OBJC_ROOT_CLASS = YES_ERROR;
				CLANG_WARN_UNREACHABLE_CODE = YES;
				CLANG_WARN__DUPLICATE_METHOD_MATCH = YES;
				CODE_SIGN_IDENTITY = "-";
				COPY_PHASE_STRIP = NO;
				DEBUG_INFORMATION_FORMAT = "dwarf-with-dsym";
				ENABLE_NS_ASSERTIONS = NO;
				ENABLE_STRICT_OBJC_MSGSEND = YES;
				GCC_C_LANGUAGE_STANDARD = gnu99;
				GCC_NO_COMMON_BLOCKS = YES;
				GCC_WARN_64_TO_32_BIT_CONVERSION = YES;
				GCC_WARN_ABOUT_RETURN_TYPE = YES_ERROR;
				GCC_WARN_UNDECLARED_SELECTOR = YES;
				GCC_WARN_UNINITIALIZED_AUTOS = YES_AGGRESSIVE;
				GCC_WARN_UNUSED_FUNCTION = YES;
				GCC_WARN_UNUSED_VARIABLE = YES;
				MACOSX_DEPLOYMENT_TARGET = 10.11;
				MTL_ENABLE_DEBUG_INFO = NO;
				SDKROOT = macosx;
			};
			name = Release;
		};
		8553B2F71C32602900EC6BC2 /* Debug */ = {
			isa = XCBuildConfiguration;
			buildSettings = {
				PRODUCT_NAME = "$(TARGET_NAME)";
			};
			name = Debug;
		};
		8553B2F81C32602900EC6BC2 /* Release */ = {
			isa = XCBuildConfiguration;
			buildSettings = {
				PRODUCT_NAME = "$(TARGET_NAME)";
			};
			name = Release;
		};
/* End XCBuildConfiguration section */

/* Begin XCConfigurationList section */
		8553B2EA1C32602900EC6BC2 /* Build configuration list for PBXProject "Demo4_测试通知" */ = {
			isa = XCConfigurationList;
			buildConfigurations = (
				8553B2F41C32602900EC6BC2 /* Debug */,
				8553B2F51C32602900EC6BC2 /* Release */,
			);
			defaultConfigurationIsVisible = 0;
			defaultConfigurationName = Release;
		};
		8553B2F61C32602900EC6BC2 /* Build configuration list for PBXNativeTarget "Demo4_测试通知" */ = {
			isa = XCConfigurationList;
			buildConfigurations = (
				8553B2F71C32602900EC6BC2 /* Debug */,
				8553B2F81C32602900EC6BC2 /* Release */,
			);
			defaultConfigurationIsVisible = 0;
		};
/* End XCConfigurationList section */
	};
	rootObject = 8553B2E71C32602900EC6BC2 /* Project object */;
}
