// !$*UTF8*$!
{
	archiveVersion = 1;
	classes = {
	};
	objectVersion = 46;
	objects = {

/* Begin PBXBuildFile section */
		856EB1DA1C23A80F00793923 /* main.m in Sources */ = {isa = PBXBuildFile; fileRef = 856EB1D91C23A80F00793923 /* main.m */; };
		856EB1DD1C23A80F00793923 /* AppDelegate.m in Sources */ = {isa = PBXBuildFile; fileRef = 856EB1DC1C23A80F00793923 /* AppDelegate.m */; };
		856EB1E31C23A80F00793923 /* Main.storyboard in Resources */ = {isa = PBXBuildFile; fileRef = 856EB1E11C23A80F00793923 /* Main.storyboard */; };
		856EB1E51C23A80F00793923 /* Assets.xcassets in Resources */ = {isa = PBXBuildFile; fileRef = 856EB1E41C23A80F00793923 /* Assets.xcassets */; };
		856EB1E81C23A80F00793923 /* LaunchScreen.storyboard in Resources */ = {isa = PBXBuildFile; fileRef = 856EB1E61C23A80F00793923 /* LaunchScreen.storyboard */; };
		856EB1F11C23AAAE00793923 /* SegmentsViewController.m in Sources */ = {isa = PBXBuildFile; fileRef = 856EB1F01C23AAAE00793923 /* SegmentsViewController.m */; };
		856EB1F41C23AD7800793923 /* ActivityViewController.m in Sources */ = {isa = PBXBuildFile; fileRef = 856EB1F31C23AD7800793923 /* ActivityViewController.m */; };
		856EB1F71C23AF8800793923 /* ProgressViewController.m in Sources */ = {isa = PBXBuildFile; fileRef = 856EB1F61C23AF8800793923 /* ProgressViewController.m */; };
		856EB1FA1C23B89000793923 /* DatePickerViewController.m in Sources */ = {isa = PBXBuildFile; fileRef = 856EB1F91C23B89000793923 /* DatePickerViewController.m */; };
		856EB1FD1C23DB1800793923 /* PickerViewController.m in Sources */ = {isa = PBXBuildFile; fileRef = 856EB1FC1C23DB1800793923 /* PickerViewController.m */; };
/* End PBXBuildFile section */

/* Begin PBXFileReference section */
		856EB1D51C23A80F00793923 /* Demo1_其它控件.app */ = {isa = PBXFileReference; explicitFileType = wrapper.application; includeInIndex = 0; path = "Demo1_其它控件.app"; sourceTree = BUILT_PRODUCTS_DIR; };
		856EB1D91C23A80F00793923 /* main.m */ = {isa = PBXFileReference; lastKnownFileType = sourcecode.c.objc; path = main.m; sourceTree = "<group>"; };
		856EB1DB1C23A80F00793923 /* AppDelegate.h */ = {isa = PBXFileReference; lastKnownFileType = sourcecode.c.h; path = AppDelegate.h; sourceTree = "<group>"; };
		856EB1DC1C23A80F00793923 /* AppDelegate.m */ = {isa = PBXFileReference; lastKnownFileType = sourcecode.c.objc; path = AppDelegate.m; sourceTree = "<group>"; };
		856EB1E21C23A80F00793923 /* Base */ = {isa = PBXFileReference; lastKnownFileType = file.storyboard; name = Base; path = Base.lproj/Main.storyboard; sourceTree = "<group>"; };
		856EB1E41C23A80F00793923 /* Assets.xcassets */ = {isa = PBXFileReference; lastKnownFileType = folder.assetcatalog; path = Assets.xcassets; sourceTree = "<group>"; };
		856EB1E71C23A80F00793923 /* Base */ = {isa = PBXFileReference; lastKnownFileType = file.storyboard; name = Base; path = Base.lproj/LaunchScreen.storyboard; sourceTree = "<group>"; };
		856EB1E91C23A80F00793923 /* Info.plist */ = {isa = PBXFileReference; lastKnownFileType = text.plist.xml; path = Info.plist; sourceTree = "<group>"; };
		856EB1EF1C23AAAE00793923 /* SegmentsViewController.h */ = {isa = PBXFileReference; fileEncoding = 4; lastKnownFileType = sourcecode.c.h; path = SegmentsViewController.h; sourceTree = "<group>"; };
		856EB1F01C23AAAE00793923 /* SegmentsViewController.m */ = {isa = PBXFileReference; fileEncoding = 4; lastKnownFileType = sourcecode.c.objc; path = SegmentsViewController.m; sourceTree = "<group>"; };
		856EB1F21C23AD7800793923 /* ActivityViewController.h */ = {isa = PBXFileReference; fileEncoding = 4; lastKnownFileType = sourcecode.c.h; path = ActivityViewController.h; sourceTree = "<group>"; };
		856EB1F31C23AD7800793923 /* ActivityViewController.m */ = {isa = PBXFileReference; fileEncoding = 4; lastKnownFileType = sourcecode.c.objc; path = ActivityViewController.m; sourceTree = "<group>"; };
		856EB1F51C23AF8800793923 /* ProgressViewController.h */ = {isa = PBXFileReference; fileEncoding = 4; lastKnownFileType = sourcecode.c.h; path = ProgressViewController.h; sourceTree = "<group>"; };
		856EB1F61C23AF8800793923 /* ProgressViewController.m */ = {isa = PBXFileReference; fileEncoding = 4; lastKnownFileType = sourcecode.c.objc; path = ProgressViewController.m; sourceTree = "<group>"; };
		856EB1F81C23B89000793923 /* DatePickerViewController.h */ = {isa = PBXFileReference; fileEncoding = 4; lastKnownFileType = sourcecode.c.h; path = DatePickerViewController.h; sourceTree = "<group>"; };
		856EB1F91C23B89000793923 /* DatePickerViewController.m */ = {isa = PBXFileReference; fileEncoding = 4; lastKnownFileType = sourcecode.c.objc; path = DatePickerViewController.m; sourceTree = "<group>"; };
		856EB1FB1C23DB1800793923 /* PickerViewController.h */ = {isa = PBXFileReference; fileEncoding = 4; lastKnownFileType = sourcecode.c.h; path = PickerViewController.h; sourceTree = "<group>"; };
		856EB1FC1C23DB1800793923 /* PickerViewController.m */ = {isa = PBXFileReference; fileEncoding = 4; lastKnownFileType = sourcecode.c.objc; path = PickerViewController.m; sourceTree = "<group>"; };
/* End PBXFileReference section */

/* Begin PBXFrameworksBuildPhase section */
		856EB1D21C23A80F00793923 /* Frameworks */ = {
			isa = PBXFrameworksBuildPhase;
			buildActionMask = 2147483647;
			files = (
			);
			runOnlyForDeploymentPostprocessing = 0;
		};
/* End PBXFrameworksBuildPhase section */

/* Begin PBXGroup section */
		856EB1CC1C23A80F00793923 = {
			isa = PBXGroup;
			children = (
				856EB1D71C23A80F00793923 /* Demo1_其它控件 */,
				856EB1D61C23A80F00793923 /* Products */,
			);
			sourceTree = "<group>";
		};
		856EB1D61C23A80F00793923 /* Products */ = {
			isa = PBXGroup;
			children = (
				856EB1D51C23A80F00793923 /* Demo1_其它控件.app */,
			);
			name = Products;
			sourceTree = "<group>";
		};
		856EB1D71C23A80F00793923 /* Demo1_其它控件 */ = {
			isa = PBXGroup;
			children = (
				856EB1DB1C23A80F00793923 /* AppDelegate.h */,
				856EB1DC1C23A80F00793923 /* AppDelegate.m */,
				856EB1EF1C23AAAE00793923 /* SegmentsViewController.h */,
				856EB1F01C23AAAE00793923 /* SegmentsViewController.m */,
				856EB1F21C23AD7800793923 /* ActivityViewController.h */,
				856EB1F31C23AD7800793923 /* ActivityViewController.m */,
				856EB1F51C23AF8800793923 /* ProgressViewController.h */,
				856EB1F61C23AF8800793923 /* ProgressViewController.m */,
				856EB1F81C23B89000793923 /* DatePickerViewController.h */,
				856EB1F91C23B89000793923 /* DatePickerViewController.m */,
				856EB1FB1C23DB1800793923 /* PickerViewController.h */,
				856EB1FC1C23DB1800793923 /* PickerViewController.m */,
				856EB1E11C23A80F00793923 /* Main.storyboard */,
				856EB1E41C23A80F00793923 /* Assets.xcassets */,
				856EB1E61C23A80F00793923 /* LaunchScreen.storyboard */,
				856EB1E91C23A80F00793923 /* Info.plist */,
				856EB1D81C23A80F00793923 /* Supporting Files */,
			);
			path = "Demo1_其它控件";
			sourceTree = "<group>";
		};
		856EB1D81C23A80F00793923 /* Supporting Files */ = {
			isa = PBXGroup;
			children = (
				856EB1D91C23A80F00793923 /* main.m */,
			);
			name = "Supporting Files";
			sourceTree = "<group>";
		};
/* End PBXGroup section */

/* Begin PBXNativeTarget section */
		856EB1D41C23A80F00793923 /* Demo1_其它控件 */ = {
			isa = PBXNativeTarget;
			buildConfigurationList = 856EB1EC1C23A80F00793923 /* Build configuration list for PBXNativeTarget "Demo1_其它控件" */;
			buildPhases = (
				856EB1D11C23A80F00793923 /* Sources */,
				856EB1D21C23A80F00793923 /* Frameworks */,
				856EB1D31C23A80F00793923 /* Resources */,
			);
			buildRules = (
			);
			dependencies = (
			);
			name = "Demo1_其它控件";
			productName = "Demo1_其它控件";
			productReference = 856EB1D51C23A80F00793923 /* Demo1_其它控件.app */;
			productType = "com.apple.product-type.application";
		};
/* End PBXNativeTarget section */

/* Begin PBXProject section */
		856EB1CD1C23A80F00793923 /* Project object */ = {
			isa = PBXProject;
			attributes = {
				LastUpgradeCheck = 0710;
				ORGANIZATIONNAME = Tarena;
				TargetAttributes = {
					856EB1D41C23A80F00793923 = {
						CreatedOnToolsVersion = 7.1;
					};
				};
			};
			buildConfigurationList = 856EB1D01C23A80F00793923 /* Build configuration list for PBXProject "Demo1_其它控件" */;
			compatibilityVersion = "Xcode 3.2";
			developmentRegion = English;
			hasScannedForEncodings = 0;
			knownRegions = (
				en,
				Base,
			);
			mainGroup = 856EB1CC1C23A80F00793923;
			productRefGroup = 856EB1D61C23A80F00793923 /* Products */;
			projectDirPath = "";
			projectRoot = "";
			targets = (
				856EB1D41C23A80F00793923 /* Demo1_其它控件 */,
			);
		};
/* End PBXProject section */

/* Begin PBXResourcesBuildPhase section */
		856EB1D31C23A80F00793923 /* Resources */ = {
			isa = PBXResourcesBuildPhase;
			buildActionMask = 2147483647;
			files = (
				856EB1E81C23A80F00793923 /* LaunchScreen.storyboard in Resources */,
				856EB1E51C23A80F00793923 /* Assets.xcassets in Resources */,
				856EB1E31C23A80F00793923 /* Main.storyboard in Resources */,
			);
			runOnlyForDeploymentPostprocessing = 0;
		};
/* End PBXResourcesBuildPhase section */

/* Begin PBXSourcesBuildPhase section */
		856EB1D11C23A80F00793923 /* Sources */ = {
			isa = PBXSourcesBuildPhase;
			buildActionMask = 2147483647;
			files = (
				856EB1F71C23AF8800793923 /* ProgressViewController.m in Sources */,
				856EB1F11C23AAAE00793923 /* SegmentsViewController.m in Sources */,
				856EB1DD1C23A80F00793923 /* AppDelegate.m in Sources */,
				856EB1DA1C23A80F00793923 /* main.m in Sources */,
				856EB1FA1C23B89000793923 /* DatePickerViewController.m in Sources */,
				856EB1FD1C23DB1800793923 /* PickerViewController.m in Sources */,
				856EB1F41C23AD7800793923 /* ActivityViewController.m in Sources */,
			);
			runOnlyForDeploymentPostprocessing = 0;
		};
/* End PBXSourcesBuildPhase section */

/* Begin PBXVariantGroup section */
		856EB1E11C23A80F00793923 /* Main.storyboard */ = {
			isa = PBXVariantGroup;
			children = (
				856EB1E21C23A80F00793923 /* Base */,
			);
			name = Main.storyboard;
			sourceTree = "<group>";
		};
		856EB1E61C23A80F00793923 /* LaunchScreen.storyboard */ = {
			isa = PBXVariantGroup;
			children = (
				856EB1E71C23A80F00793923 /* Base */,
			);
			name = LaunchScreen.storyboard;
			sourceTree = "<group>";
		};
/* End PBXVariantGroup section */

/* Begin XCBuildConfiguration section */
		856EB1EA1C23A80F00793923 /* Debug */ = {
			isa = XCBuildConfiguration;
			buildSettings = {
				ALWAYS_SEARCH_USER_PATHS = NO;
				CLANG_CXX_LANGUAGE_STANDARD = "gnu++0x";
				CLANG_CXX_LIBRARY = "libc++";
				CLANG_ENABLE_MODULES = YES;
				CLANG_ENABLE_OBJC_ARC = YES;
				CLANG_WARN_BOOL_CONVERSION = YES;
				CLANG_WARN_CONSTANT_CONVERSION = YES;
				CLANG_WARN_DIRECT_OBJC_ISA_USAGE = YES_ERROR;
				CLANG_WARN_EMPTY_BODY = YES;
				CLANG_WARN_ENUM_CONVERSION = YES;
				CLANG_WARN_INT_CONVERSION = YES;
				CLANG_WARN_OBJC_ROOT_CLASS = YES_ERROR;
				CLANG_WARN_UNREACHABLE_CODE = YES;
				CLANG_WARN__DUPLICATE_METHOD_MATCH = YES;
				"CODE_SIGN_IDENTITY[sdk=iphoneos*]" = "iPhone Developer";
				COPY_PHASE_STRIP = NO;
				DEBUG_INFORMATION_FORMAT = dwarf;
				ENABLE_STRICT_OBJC_MSGSEND = YES;
				ENABLE_TESTABILITY = YES;
				GCC_C_LANGUAGE_STANDARD = gnu99;
				GCC_DYNAMIC_NO_PIC = NO;
				GCC_NO_COMMON_BLOCKS = YES;
				GCC_OPTIMIZATION_LEVEL = 0;
				GCC_PREPROCESSOR_DEFINITIONS = (
					"DEBUG=1",
					"$(inherited)",
				);
				GCC_WARN_64_TO_32_BIT_CONVERSION = YES;
				GCC_WARN_ABOUT_RETURN_TYPE = YES_ERROR;
				GCC_WARN_UNDECLARED_SELECTOR = YES;
				GCC_WARN_UNINITIALIZED_AUTOS = YES_AGGRESSIVE;
				GCC_WARN_UNUSED_FUNCTION = YES;
				GCC_WARN_UNUSED_VARIABLE = YES;
				IPHONEOS_DEPLOYMENT_TARGET = 9.1;
				MTL_ENABLE_DEBUG_INFO = YES;
				ONLY_ACTIVE_ARCH = YES;
				SDKROOT = iphoneos;
			};
			name = Debug;
		};
		856EB1EB1C23A80F00793923 /* Release */ = {
			isa = XCBuildConfiguration;
			buildSettings = {
				ALWAYS_SEARCH_USER_PATHS = NO;
				CLANG_CXX_LANGUAGE_STANDARD = "gnu++0x";
				CLANG_CXX_LIBRARY = "libc++";
				CLANG_ENABLE_MODULES = YES;
				CLANG_ENABLE_OBJC_ARC = YES;
				CLANG_WARN_BOOL_CONVERSION = YES;
				CLANG_WARN_CONSTANT_CONVERSION = YES;
				CLANG_WARN_DIRECT_OBJC_ISA_USAGE = YES_ERROR;
				CLANG_WARN_EMPTY_BODY = YES;
				CLANG_WARN_ENUM_CONVERSION = YES;
				CLANG_WARN_INT_CONVERSION = YES;
				CLANG_WARN_OBJC_ROOT_CLASS = YES_ERROR;
				CLANG_WARN_UNREACHABLE_CODE = YES;
				CLANG_WARN__DUPLICATE_METHOD_MATCH = YES;
				"CODE_SIGN_IDENTITY[sdk=iphoneos*]" = "iPhone Developer";
				COPY_PHASE_STRIP = NO;
				DEBUG_INFORMATION_FORMAT = "dwarf-with-dsym";
				ENABLE_NS_ASSERTIONS = NO;
				ENABLE_STRICT_OBJC_MSGSEND = YES;
				GCC_C_LANGUAGE_STANDARD = gnu99;
				GCC_NO_COMMON_BLOCKS = YES;
				GCC_WARN_64_TO_32_BIT_CONVERSION = YES;
				GCC_WARN_ABOUT_RETURN_TYPE = YES_ERROR;
				GCC_WARN_UNDECLARED_SELECTOR = YES;
				GCC_WARN_UNINITIALIZED_AUTOS = YES_AGGRESSIVE;
				GCC_WARN_UNUSED_FUNCTION = YES;
				GCC_WARN_UNUSED_VARIABLE = YES;
				IPHONEOS_DEPLOYMENT_TARGET = 9.1;
				MTL_ENABLE_DEBUG_INFO = NO;
				SDKROOT = iphoneos;
				VALIDATE_PRODUCT = YES;
			};
			name = Release;
		};
		856EB1ED1C23A80F00793923 /* Debug */ = {
			isa = XCBuildConfiguration;
			buildSettings = {
				ASSETCATALOG_COMPILER_APPICON_NAME = AppIcon;
				INFOPLIST_FILE = "Demo1_其它控件/Info.plist";
				LD_RUNPATH_SEARCH_PATHS = "$(inherited) @executable_path/Frameworks";
				PRODUCT_BUNDLE_IDENTIFIER = "cn.tedu.Demo1-----";
				PRODUCT_NAME = "$(TARGET_NAME)";
			};
			name = Debug;
		};
		856EB1EE1C23A80F00793923 /* Release */ = {
			isa = XCBuildConfiguration;
			buildSettings = {
				ASSETCATALOG_COMPILER_APPICON_NAME = AppIcon;
				INFOPLIST_FILE = "Demo1_其它控件/Info.plist";
				LD_RUNPATH_SEARCH_PATHS = "$(inherited) @executable_path/Frameworks";
				PRODUCT_BUNDLE_IDENTIFIER = "cn.tedu.Demo1-----";
				PRODUCT_NAME = "$(TARGET_NAME)";
			};
			name = Release;
		};
/* End XCBuildConfiguration section */

/* Begin XCConfigurationList section */
		856EB1D01C23A80F00793923 /* Build configuration list for PBXProject "Demo1_其它控件" */ = {
			isa = XCConfigurationList;
			buildConfigurations = (
				856EB1EA1C23A80F00793923 /* Debug */,
				856EB1EB1C23A80F00793923 /* Release */,
			);
			defaultConfigurationIsVisible = 0;
			defaultConfigurationName = Release;
		};
		856EB1EC1C23A80F00793923 /* Build configuration list for PBXNativeTarget "Demo1_其它控件" */ = {
			isa = XCConfigurationList;
			buildConfigurations = (
				856EB1ED1C23A80F00793923 /* Debug */,
				856EB1EE1C23A80F00793923 /* Release */,
			);
			defaultConfigurationIsVisible = 0;
			defaultConfigurationName = Release;
		};
/* End XCConfigurationList section */
	};
	rootObject = 856EB1CD1C23A80F00793923 /* Project object */;
}
