// !$*UTF8*$!
{
	archiveVersion = 1;
	classes = {
	};
	objectVersion = 46;
	objects = {

/* Begin PBXBuildFile section */
		85A7BD9B1BACF99000CDC1B8 /* main.m in Sources */ = {isa = PBXBuildFile; fileRef = 85A7BD9A1BACF99000CDC1B8 /* main.m */; };
		85A7BDA31BACF9AC00CDC1B8 /* TRInteger.m in Sources */ = {isa = PBXBuildFile; fileRef = 85A7BDA21BACF9AC00CDC1B8 /* TRInteger.m */; };
/* End PBXBuildFile section */

/* Begin PBXCopyFilesBuildPhase section */
		85A7BD951BACF99000CDC1B8 /* CopyFiles */ = {
			isa = PBXCopyFilesBuildPhase;
			buildActionMask = 2147483647;
			dstPath = /usr/share/man/man1/;
			dstSubfolderSpec = 0;
			files = (
			);
			runOnlyForDeploymentPostprocessing = 1;
		};
/* End PBXCopyFilesBuildPhase section */

/* Begin PBXFileReference section */
		85A7BD971BACF99000CDC1B8 /* day03_4有参的⼯⼚方法练习 */ = {isa = PBXFileReference; explicitFileType = "compiled.mach-o.executable"; includeInIndex = 0; path = "day03_4有参的⼯⼚方法练习"; sourceTree = BUILT_PRODUCTS_DIR; };
		85A7BD9A1BACF99000CDC1B8 /* main.m */ = {isa = PBXFileReference; lastKnownFileType = sourcecode.c.objc; path = main.m; sourceTree = "<group>"; };
		85A7BDA11BACF9AC00CDC1B8 /* TRInteger.h */ = {isa = PBXFileReference; fileEncoding = 4; lastKnownFileType = sourcecode.c.h; path = TRInteger.h; sourceTree = "<group>"; };
		85A7BDA21BACF9AC00CDC1B8 /* TRInteger.m */ = {isa = PBXFileReference; fileEncoding = 4; lastKnownFileType = sourcecode.c.objc; path = TRInteger.m; sourceTree = "<group>"; };
/* End PBXFileReference section */

/* Begin PBXFrameworksBuildPhase section */
		85A7BD941BACF99000CDC1B8 /* Frameworks */ = {
			isa = PBXFrameworksBuildPhase;
			buildActionMask = 2147483647;
			files = (
			);
			runOnlyForDeploymentPostprocessing = 0;
		};
/* End PBXFrameworksBuildPhase section */

/* Begin PBXGroup section */
		85A7BD8E1BACF99000CDC1B8 = {
			isa = PBXGroup;
			children = (
				85A7BD991BACF99000CDC1B8 /* day03_4有参的⼯⼚方法练习 */,
				85A7BD981BACF99000CDC1B8 /* Products */,
			);
			sourceTree = "<group>";
		};
		85A7BD981BACF99000CDC1B8 /* Products */ = {
			isa = PBXGroup;
			children = (
				85A7BD971BACF99000CDC1B8 /* day03_4有参的⼯⼚方法练习 */,
			);
			name = Products;
			sourceTree = "<group>";
		};
		85A7BD991BACF99000CDC1B8 /* day03_4有参的⼯⼚方法练习 */ = {
			isa = PBXGroup;
			children = (
				85A7BD9A1BACF99000CDC1B8 /* main.m */,
				85A7BDA11BACF9AC00CDC1B8 /* TRInteger.h */,
				85A7BDA21BACF9AC00CDC1B8 /* TRInteger.m */,
			);
			path = "day03_4有参的⼯⼚方法练习";
			sourceTree = "<group>";
		};
/* End PBXGroup section */

/* Begin PBXNativeTarget section */
		85A7BD961BACF99000CDC1B8 /* day03_4有参的⼯⼚方法练习 */ = {
			isa = PBXNativeTarget;
			buildConfigurationList = 85A7BD9E1BACF99000CDC1B8 /* Build configuration list for PBXNativeTarget "day03_4有参的⼯⼚方法练习" */;
			buildPhases = (
				85A7BD931BACF99000CDC1B8 /* Sources */,
				85A7BD941BACF99000CDC1B8 /* Frameworks */,
				85A7BD951BACF99000CDC1B8 /* CopyFiles */,
			);
			buildRules = (
			);
			dependencies = (
			);
			name = "day03_4有参的⼯⼚方法练习";
			productName = "day03_4有参的⼯⼚方法练习";
			productReference = 85A7BD971BACF99000CDC1B8 /* day03_4有参的⼯⼚方法练习 */;
			productType = "com.apple.product-type.tool";
		};
/* End PBXNativeTarget section */

/* Begin PBXProject section */
		85A7BD8F1BACF99000CDC1B8 /* Project object */ = {
			isa = PBXProject;
			attributes = {
				LastUpgradeCheck = 0640;
				ORGANIZATIONNAME = tarena;
				TargetAttributes = {
					85A7BD961BACF99000CDC1B8 = {
						CreatedOnToolsVersion = 6.4;
					};
				};
			};
			buildConfigurationList = 85A7BD921BACF99000CDC1B8 /* Build configuration list for PBXProject "day03_4有参的⼯⼚方法练习" */;
			compatibilityVersion = "Xcode 3.2";
			developmentRegion = English;
			hasScannedForEncodings = 0;
			knownRegions = (
				en,
			);
			mainGroup = 85A7BD8E1BACF99000CDC1B8;
			productRefGroup = 85A7BD981BACF99000CDC1B8 /* Products */;
			projectDirPath = "";
			projectRoot = "";
			targets = (
				85A7BD961BACF99000CDC1B8 /* day03_4有参的⼯⼚方法练习 */,
			);
		};
/* End PBXProject section */

/* Begin PBXSourcesBuildPhase section */
		85A7BD931BACF99000CDC1B8 /* Sources */ = {
			isa = PBXSourcesBuildPhase;
			buildActionMask = 2147483647;
			files = (
				85A7BDA31BACF9AC00CDC1B8 /* TRInteger.m in Sources */,
				85A7BD9B1BACF99000CDC1B8 /* main.m in Sources */,
			);
			runOnlyForDeploymentPostprocessing = 0;
		};
/* End PBXSourcesBuildPhase section */

/* Begin XCBuildConfiguration section */
		85A7BD9C1BACF99000CDC1B8 /* Debug */ = {
			isa = XCBuildConfiguration;
			buildSettings = {
				ALWAYS_SEARCH_USER_PATHS = NO;
				CLANG_CXX_LANGUAGE_STANDARD = "gnu++0x";
				CLANG_CXX_LIBRARY = "libc++";
				CLANG_ENABLE_MODULES = YES;
				CLANG_ENABLE_OBJC_ARC = YES;
				CLANG_WARN_BOOL_CONVERSION = YES;
				CLANG_WARN_CONSTANT_CONVERSION = YES;
				CLANG_WARN_DIRECT_OBJC_ISA_USAGE = YES_ERROR;
				CLANG_WARN_EMPTY_BODY = YES;
				CLANG_WARN_ENUM_CONVERSION = YES;
				CLANG_WARN_INT_CONVERSION = YES;
				CLANG_WARN_OBJC_ROOT_CLASS = YES_ERROR;
				CLANG_WARN_UNREACHABLE_CODE = YES;
				CLANG_WARN__DUPLICATE_METHOD_MATCH = YES;
				COPY_PHASE_STRIP = NO;
				DEBUG_INFORMATION_FORMAT = dwarf;
				ENABLE_STRICT_OBJC_MSGSEND = YES;
				GCC_C_LANGUAGE_STANDARD = gnu99;
				GCC_DYNAMIC_NO_PIC = NO;
				GCC_NO_COMMON_BLOCKS = YES;
				GCC_OPTIMIZATION_LEVEL = 0;
				GCC_PREPROCESSOR_DEFINITIONS = (
					"DEBUG=1",
					"$(inherited)",
				);
				GCC_SYMBOLS_PRIVATE_EXTERN = NO;
				GCC_WARN_64_TO_32_BIT_CONVERSION = YES;
				GCC_WARN_ABOUT_RETURN_TYPE = YES_ERROR;
				GCC_WARN_UNDECLARED_SELECTOR = YES;
				GCC_WARN_UNINITIALIZED_AUTOS = YES_AGGRESSIVE;
				GCC_WARN_UNUSED_FUNCTION = YES;
				GCC_WARN_UNUSED_VARIABLE = YES;
				MACOSX_DEPLOYMENT_TARGET = 10.10;
				MTL_ENABLE_DEBUG_INFO = YES;
				ONLY_ACTIVE_ARCH = YES;
				SDKROOT = macosx;
			};
			name = Debug;
		};
		85A7BD9D1BACF99000CDC1B8 /* Release */ = {
			isa = XCBuildConfiguration;
			buildSettings = {
				ALWAYS_SEARCH_USER_PATHS = NO;
				CLANG_CXX_LANGUAGE_STANDARD = "gnu++0x";
				CLANG_CXX_LIBRARY = "libc++";
				CLANG_ENABLE_MODULES = YES;
				CLANG_ENABLE_OBJC_ARC = YES;
				CLANG_WARN_BOOL_CONVERSION = YES;
				CLANG_WARN_CONSTANT_CONVERSION = YES;
				CLANG_WARN_DIRECT_OBJC_ISA_USAGE = YES_ERROR;
				CLANG_WARN_EMPTY_BODY = YES;
				CLANG_WARN_ENUM_CONVERSION = YES;
				CLANG_WARN_INT_CONVERSION = YES;
				CLANG_WARN_OBJC_ROOT_CLASS = YES_ERROR;
				CLANG_WARN_UNREACHABLE_CODE = YES;
				CLANG_WARN__DUPLICATE_METHOD_MATCH = YES;
				COPY_PHASE_STRIP = NO;
				DEBUG_INFORMATION_FORMAT = "dwarf-with-dsym";
				ENABLE_NS_ASSERTIONS = NO;
				ENABLE_STRICT_OBJC_MSGSEND = YES;
				GCC_C_LANGUAGE_STANDARD = gnu99;
				GCC_NO_COMMON_BLOCKS = YES;
				GCC_WARN_64_TO_32_BIT_CONVERSION = YES;
				GCC_WARN_ABOUT_RETURN_TYPE = YES_ERROR;
				GCC_WARN_UNDECLARED_SELECTOR = YES;
				GCC_WARN_UNINITIALIZED_AUTOS = YES_AGGRESSIVE;
				GCC_WARN_UNUSED_FUNCTION = YES;
				GCC_WARN_UNUSED_VARIABLE = YES;
				MACOSX_DEPLOYMENT_TARGET = 10.10;
				MTL_ENABLE_DEBUG_INFO = NO;
				SDKROOT = macosx;
			};
			name = Release;
		};
		85A7BD9F1BACF99000CDC1B8 /* Debug */ = {
			isa = XCBuildConfiguration;
			buildSettings = {
				PRODUCT_NAME = "$(TARGET_NAME)";
			};
			name = Debug;
		};
		85A7BDA01BACF99000CDC1B8 /* Release */ = {
			isa = XCBuildConfiguration;
			buildSettings = {
				PRODUCT_NAME = "$(TARGET_NAME)";
			};
			name = Release;
		};
/* End XCBuildConfiguration section */

/* Begin XCConfigurationList section */
		85A7BD921BACF99000CDC1B8 /* Build configuration list for PBXProject "day03_4有参的⼯⼚方法练习" */ = {
			isa = XCConfigurationList;
			buildConfigurations = (
				85A7BD9C1BACF99000CDC1B8 /* Debug */,
				85A7BD9D1BACF99000CDC1B8 /* Release */,
			);
			defaultConfigurationIsVisible = 0;
			defaultConfigurationName = Release;
		};
		85A7BD9E1BACF99000CDC1B8 /* Build configuration list for PBXNativeTarget "day03_4有参的⼯⼚方法练习" */ = {
			isa = XCConfigurationList;
			buildConfigurations = (
				85A7BD9F1BACF99000CDC1B8 /* Debug */,
				85A7BDA01BACF99000CDC1B8 /* Release */,
			);
			defaultConfigurationIsVisible = 0;
		};
/* End XCConfigurationList section */
	};
	rootObject = 85A7BD8F1BACF99000CDC1B8 /* Project object */;
}
